// !$*UTF8*$!
{
	archiveVersion = 1;
	classes = {
	};
	objectVersion = 46;
	objects = {

/* Begin PBXBuildFile section */
		790318D91C118D10005B98BB /* CoreDataManage.m in Sources */ = {isa = PBXBuildFile; fileRef = 790318D81C118D10005B98BB /* CoreDataManage.m */; };
		790318DC1C118E81005B98BB /* MyCoreData.xcdatamodeld in Sources */ = {isa = PBXBuildFile; fileRef = 790318DA1C118E81005B98BB /* MyCoreData.xcdatamodeld */; };
		790318E41C118FE4005B98BB /* CoreDataModel+CoreDataProperties.m in Sources */ = {isa = PBXBuildFile; fileRef = 790318E11C118FE4005B98BB /* CoreDataModel+CoreDataProperties.m */; };
		790318E51C118FE4005B98BB /* CoreDataModel.m in Sources */ = {isa = PBXBuildFile; fileRef = 790318E31C118FE4005B98BB /* CoreDataModel.m */; };
		790318E81C11CAA7005B98BB /* CollectCell.m in Sources */ = {isa = PBXBuildFile; fileRef = 790318E71C11CAA7005B98BB /* CollectCell.m */; };
		790C0E6E1C0F343000ED2452 /* DetailController.m in Sources */ = {isa = PBXBuildFile; fileRef = 790C0E6D1C0F343000ED2452 /* DetailController.m */; };
		7957D8891C12BCF000DB620C /* Security.framework in Frameworks */ = {isa = PBXBuildFile; fileRef = 7957D8881C12BCF000DB620C /* Security.framework */; };
		7957D88B1C12BCFA00DB620C /* libiconv.tbd in Frameworks */ = {isa = PBXBuildFile; fileRef = 7957D88A1C12BCFA00DB620C /* libiconv.tbd */; };
		7957D88D1C12BD3700DB620C /* SystemConfiguration.framework in Frameworks */ = {isa = PBXBuildFile; fileRef = 7957D88C1C12BD3700DB620C /* SystemConfiguration.framework */; };
		7957D8C91C12C09700DB620C /* UMSocialLocalizable.strings in Resources */ = {isa = PBXBuildFile; fileRef = 7957D8961C12C09700DB620C /* UMSocialLocalizable.strings */; };
		7957D8CA1C12C09700DB620C /* libUMSocial_Sdk_4.4.a in Frameworks */ = {isa = PBXBuildFile; fileRef = 7957D8A41C12C09700DB620C /* libUMSocial_Sdk_4.4.a */; };
		7957D8CB1C12C09700DB620C /* UMSCommentDetailController.xib in Resources */ = {isa = PBXBuildFile; fileRef = 7957D8A61C12C09700DB620C /* UMSCommentDetailController.xib */; };
		7957D8CC1C12C09700DB620C /* UMSCommentInputController.xib in Resources */ = {isa = PBXBuildFile; fileRef = 7957D8A71C12C09700DB620C /* UMSCommentInputController.xib */; };
		7957D8CD1C12C09700DB620C /* UMSCommentInputControlleriPad.xib in Resources */ = {isa = PBXBuildFile; fileRef = 7957D8A81C12C09700DB620C /* UMSCommentInputControlleriPad.xib */; };
		7957D8CE1C12C09700DB620C /* UMShareEditViewController.xib in Resources */ = {isa = PBXBuildFile; fileRef = 7957D8A91C12C09700DB620C /* UMShareEditViewController.xib */; };
		7957D8CF1C12C09700DB620C /* UMShareEditViewControlleriPad.xib in Resources */ = {isa = PBXBuildFile; fileRef = 7957D8AA1C12C09700DB620C /* UMShareEditViewControlleriPad.xib */; };
		7957D8D01C12C09700DB620C /* UMSLoginViewController.xib in Resources */ = {isa = PBXBuildFile; fileRef = 7957D8AB1C12C09700DB620C /* UMSLoginViewController.xib */; };
		7957D8D11C12C09700DB620C /* UMSnsAccountViewController.xib in Resources */ = {isa = PBXBuildFile; fileRef = 7957D8AC1C12C09700DB620C /* UMSnsAccountViewController.xib */; };
		7957D8D21C12C09700DB620C /* UMSShareListController.xib in Resources */ = {isa = PBXBuildFile; fileRef = 7957D8AD1C12C09700DB620C /* UMSShareListController.xib */; };
		7957D8D31C12C09700DB620C /* UMSocialSDKResourcesNew.bundle in Resources */ = {isa = PBXBuildFile; fileRef = 7957D8AE1C12C09700DB620C /* UMSocialSDKResourcesNew.bundle */; };
		7957D8D41C12C09700DB620C /* libSocialQQ.a in Frameworks */ = {isa = PBXBuildFile; fileRef = 7957D8B21C12C09700DB620C /* libSocialQQ.a */; };
		7957D8D51C12C09700DB620C /* TencentOpenAPI.framework in Frameworks */ = {isa = PBXBuildFile; fileRef = 7957D8B31C12C09700DB620C /* TencentOpenAPI.framework */; };
		7957D8D61C12C09700DB620C /* TencentOpenApi_IOS_Bundle.bundle in Resources */ = {isa = PBXBuildFile; fileRef = 7957D8B41C12C09700DB620C /* TencentOpenApi_IOS_Bundle.bundle */; };
		7957D8D71C12C09700DB620C /* libSocialWechat.a in Frameworks */ = {isa = PBXBuildFile; fileRef = 7957D8B71C12C09700DB620C /* libSocialWechat.a */; };
		7957D8D81C12C09700DB620C /* libWeChatSDK.a in Frameworks */ = {isa = PBXBuildFile; fileRef = 7957D8B81C12C09700DB620C /* libWeChatSDK.a */; };
		7957D8D91C12C09700DB620C /* iOS-social-analytics-releasenote.html in Resources */ = {isa = PBXBuildFile; fileRef = 7957D8BD1C12C09700DB620C /* iOS-social-analytics-releasenote.html */; };
		7957D8DA1C12C09700DB620C /* iOS-social-releasenote.html in Resources */ = {isa = PBXBuildFile; fileRef = 7957D8BE1C12C09700DB620C /* iOS-social-releasenote.html */; };
		7957D8DB1C12C09700DB620C /* ios-social-sdk-comment-detail.html in Resources */ = {isa = PBXBuildFile; fileRef = 7957D8BF1C12C09700DB620C /* ios-social-sdk-comment-detail.html */; };
		7957D8DC1C12C09700DB620C /* ios-social-sdk-comment-quick.html in Resources */ = {isa = PBXBuildFile; fileRef = 7957D8C01C12C09700DB620C /* ios-social-sdk-comment-quick.html */; };
		7957D8DD1C12C09700DB620C /* ios-social-sdk-like.html in Resources */ = {isa = PBXBuildFile; fileRef = 7957D8C11C12C09700DB620C /* ios-social-sdk-like.html */; };
		7957D8DE1C12C09700DB620C /* ios-social-sdk-login-detail.html in Resources */ = {isa = PBXBuildFile; fileRef = 7957D8C21C12C09700DB620C /* ios-social-sdk-login-detail.html */; };
		7957D8DF1C12C09700DB620C /* ios-social-sdk-login-quick.html in Resources */ = {isa = PBXBuildFile; fileRef = 7957D8C31C12C09700DB620C /* ios-social-sdk-login-quick.html */; };
		7957D8E01C12C09700DB620C /* ios-social-sdk-shake.html in Resources */ = {isa = PBXBuildFile; fileRef = 7957D8C41C12C09700DB620C /* ios-social-sdk-shake.html */; };
		7957D8E11C12C09700DB620C /* ios-social-sdk-share-detail.html in Resources */ = {isa = PBXBuildFile; fileRef = 7957D8C51C12C09700DB620C /* ios-social-sdk-share-detail.html */; };
		7957D8E21C12C09700DB620C /* ios-social-sdk-share-quick.html in Resources */ = {isa = PBXBuildFile; fileRef = 7957D8C61C12C09700DB620C /* ios-social-sdk-share-quick.html */; };
		7957D8E31C12C09700DB620C /* ios-social-sdk-socialbar.html in Resources */ = {isa = PBXBuildFile; fileRef = 7957D8C71C12C09700DB620C /* ios-social-sdk-socialbar.html */; };
		7957D8E41C12C09700DB620C /* markdown.css in Resources */ = {isa = PBXBuildFile; fileRef = 7957D8C81C12C09700DB620C /* markdown.css */; };
		7957D8E61C12C0D100DB620C /* CoreGraphics.framework in Frameworks */ = {isa = PBXBuildFile; fileRef = 7957D8E51C12C0D100DB620C /* CoreGraphics.framework */; };
		7957D8E81C12C0E000DB620C /* libsqlite3.tbd in Frameworks */ = {isa = PBXBuildFile; fileRef = 7957D8E71C12C0E000DB620C /* libsqlite3.tbd */; };
		7957D8EA1C12C0EC00DB620C /* CoreTelephony.framework in Frameworks */ = {isa = PBXBuildFile; fileRef = 7957D8E91C12C0EC00DB620C /* CoreTelephony.framework */; };
		7957D8EC1C12C0F400DB620C /* libstdc++.tbd in Frameworks */ = {isa = PBXBuildFile; fileRef = 7957D8EB1C12C0F400DB620C /* libstdc++.tbd */; };
		7957D8EE1C12C0FB00DB620C /* libz.tbd in Frameworks */ = {isa = PBXBuildFile; fileRef = 7957D8ED1C12C0FB00DB620C /* libz.tbd */; };
		7957D8F61C12C3B500DB620C /* Info.plist in Resources */ = {isa = PBXBuildFile; fileRef = 7957D8F51C12C3B500DB620C /* Info.plist */; };
		796BCC3D1C0DDCE0003D4993 /* WaterFlowLayout.m in Sources */ = {isa = PBXBuildFile; fileRef = 796BCC3C1C0DDCE0003D4993 /* WaterFlowLayout.m */; };
		796D2BA71C113D6C009801CD /* CollectController.m in Sources */ = {isa = PBXBuildFile; fileRef = 796D2BA61C113D6C009801CD /* CollectController.m */; };
		796D2BAC1C11647E009801CD /* CenterController.m in Sources */ = {isa = PBXBuildFile; fileRef = 796D2BAB1C11647E009801CD /* CenterController.m */; };
		796D2BB11C117553009801CD /* LinkController.m in Sources */ = {isa = PBXBuildFile; fileRef = 796D2BB01C117553009801CD /* LinkController.m */; };
		79E2DCDD1C0DA42800FB38DD /* main.m in Sources */ = {isa = PBXBuildFile; fileRef = 79E2DCDC1C0DA42800FB38DD /* main.m */; };
		79E2DCE01C0DA42800FB38DD /* AppDelegate.m in Sources */ = {isa = PBXBuildFile; fileRef = 79E2DCDF1C0DA42800FB38DD /* AppDelegate.m */; };
		79E2DCE31C0DA42800FB38DD /* ViewController.m in Sources */ = {isa = PBXBuildFile; fileRef = 79E2DCE21C0DA42800FB38DD /* ViewController.m */; };
		79E2DCE61C0DA42800FB38DD /* Main.storyboard in Resources */ = {isa = PBXBuildFile; fileRef = 79E2DCE41C0DA42800FB38DD /* Main.storyboard */; };
		79E2DCE81C0DA42800FB38DD /* Assets.xcassets in Resources */ = {isa = PBXBuildFile; fileRef = 79E2DCE71C0DA42800FB38DD /* Assets.xcassets */; };
		79E2DCEB1C0DA42800FB38DD /* LaunchScreen.storyboard in Resources */ = {isa = PBXBuildFile; fileRef = 79E2DCE91C0DA42800FB38DD /* LaunchScreen.storyboard */; };
		79E2DCF61C0DA42800FB38DD /* ____Tests.m in Sources */ = {isa = PBXBuildFile; fileRef = 79E2DCF51C0DA42800FB38DD /* ____Tests.m */; };
		79E2DD011C0DA42800FB38DD /* ____UITests.m in Sources */ = {isa = PBXBuildFile; fileRef = 79E2DD001C0DA42800FB38DD /* ____UITests.m */; };
		79E2DD181C0DB47600FB38DD /* MMDrawerBarButtonItem.m in Sources */ = {isa = PBXBuildFile; fileRef = 79E2DD111C0DB47600FB38DD /* MMDrawerBarButtonItem.m */; };
		79E2DD191C0DB47600FB38DD /* MMDrawerController.m in Sources */ = {isa = PBXBuildFile; fileRef = 79E2DD131C0DB47600FB38DD /* MMDrawerController.m */; };
		79E2DD1A1C0DB47600FB38DD /* MMDrawerVisualState.m in Sources */ = {isa = PBXBuildFile; fileRef = 79E2DD151C0DB47600FB38DD /* MMDrawerVisualState.m */; };
		79E2DD1B1C0DB47600FB38DD /* UIViewController+MMDrawerController.m in Sources */ = {isa = PBXBuildFile; fileRef = 79E2DD171C0DB47600FB38DD /* UIViewController+MMDrawerController.m */; };
		79E2DD2A1C0DB51A00FB38DD /* BestController.m in Sources */ = {isa = PBXBuildFile; fileRef = 79E2DD291C0DB51A00FB38DD /* BestController.m */; };
		79E2DD321C0DB57000FB38DD /* LeftController.m in Sources */ = {isa = PBXBuildFile; fileRef = 79E2DD311C0DB57000FB38DD /* LeftController.m */; };
		79E2DD351C0DB58600FB38DD /* SettingController.m in Sources */ = {isa = PBXBuildFile; fileRef = 79E2DD341C0DB58600FB38DD /* SettingController.m */; };
		79E2DD471C0DBFD700FB38DD /* 00.jpg in Resources */ = {isa = PBXBuildFile; fileRef = 79E2DD381C0DBFD700FB38DD /* 00.jpg */; };
		79E2DD481C0DBFD700FB38DD /* 01.jpg in Resources */ = {isa = PBXBuildFile; fileRef = 79E2DD391C0DBFD700FB38DD /* 01.jpg */; };
		79E2DD491C0DBFD700FB38DD /* 02.jpg in Resources */ = {isa = PBXBuildFile; fileRef = 79E2DD3A1C0DBFD700FB38DD /* 02.jpg */; };
		79E2DD4A1C0DBFD700FB38DD /* 03.jpg in Resources */ = {isa = PBXBuildFile; fileRef = 79E2DD3B1C0DBFD700FB38DD /* 03.jpg */; };
		79E2DD4B1C0DBFD700FB38DD /* 04.jpg in Resources */ = {isa = PBXBuildFile; fileRef = 79E2DD3C1C0DBFD700FB38DD /* 04.jpg */; };
		79E2DD4C1C0DBFD700FB38DD /* 05.jpg in Resources */ = {isa = PBXBuildFile; fileRef = 79E2DD3D1C0DBFD700FB38DD /* 05.jpg */; };
		79E2DD4D1C0DBFD700FB38DD /* 06.jpg in Resources */ = {isa = PBXBuildFile; fileRef = 79E2DD3E1C0DBFD700FB38DD /* 06.jpg */; };
		79E2DD4E1C0DBFD700FB38DD /* 07.jpg in Resources */ = {isa = PBXBuildFile; fileRef = 79E2DD3F1C0DBFD700FB38DD /* 07.jpg */; };
		79E2DD4F1C0DBFD700FB38DD /* 08.jpg in Resources */ = {isa = PBXBuildFile; fileRef = 79E2DD401C0DBFD700FB38DD /* 08.jpg */; };
		79E2DD501C0DBFD700FB38DD /* 09.jpg in Resources */ = {isa = PBXBuildFile; fileRef = 79E2DD411C0DBFD700FB38DD /* 09.jpg */; };
		79E2DD511C0DBFD700FB38DD /* 10.jpg in Resources */ = {isa = PBXBuildFile; fileRef = 79E2DD421C0DBFD700FB38DD /* 10.jpg */; };
		79E2DD521C0DBFD700FB38DD /* 11.jpg in Resources */ = {isa = PBXBuildFile; fileRef = 79E2DD431C0DBFD700FB38DD /* 11.jpg */; };
		79E2DD531C0DBFD700FB38DD /* 12.jpg in Resources */ = {isa = PBXBuildFile; fileRef = 79E2DD441C0DBFD700FB38DD /* 12.jpg */; };
		79E2DD541C0DBFD700FB38DD /* 13.jpg in Resources */ = {isa = PBXBuildFile; fileRef = 79E2DD451C0DBFD700FB38DD /* 13.jpg */; };
		79E2DD551C0DBFD700FB38DD /* 14.jpg in Resources */ = {isa = PBXBuildFile; fileRef = 79E2DD461C0DBFD700FB38DD /* 14.jpg */; };
		79E2DD5A1C0DC23C00FB38DD /* BestCell.m in Sources */ = {isa = PBXBuildFile; fileRef = 79E2DD591C0DC23C00FB38DD /* BestCell.m */; };
		79E2DD5D1C0DC28000FB38DD /* BestModel.m in Sources */ = {isa = PBXBuildFile; fileRef = 79E2DD5C1C0DC28000FB38DD /* BestModel.m */; };
		79E2DD601C0DC61400FB38DD /* DIYButton.m in Sources */ = {isa = PBXBuildFile; fileRef = 79E2DD5F1C0DC61400FB38DD /* DIYButton.m */; };
		79E2DD871C0DCA0000FB38DD /* MKAnnotationView+WebCache.m in Sources */ = {isa = PBXBuildFile; fileRef = 79E2DD631C0DCA0000FB38DD /* MKAnnotationView+WebCache.m */; };
		79E2DD881C0DCA0000FB38DD /* NSData+GIF.m in Sources */ = {isa = PBXBuildFile; fileRef = 79E2DD651C0DCA0000FB38DD /* NSData+GIF.m */; };
		79E2DD891C0DCA0000FB38DD /* NSData+ImageContentType.m in Sources */ = {isa = PBXBuildFile; fileRef = 79E2DD671C0DCA0000FB38DD /* NSData+ImageContentType.m */; };
		79E2DD8A1C0DCA0000FB38DD /* SDImageCache.m in Sources */ = {isa = PBXBuildFile; fileRef = 79E2DD691C0DCA0000FB38DD /* SDImageCache.m */; };
		79E2DD8B1C0DCA0000FB38DD /* SDWebImageCompat.m in Sources */ = {isa = PBXBuildFile; fileRef = 79E2DD6B1C0DCA0000FB38DD /* SDWebImageCompat.m */; };
		79E2DD8C1C0DCA0000FB38DD /* SDWebImageDecoder.m in Sources */ = {isa = PBXBuildFile; fileRef = 79E2DD6D1C0DCA0000FB38DD /* SDWebImageDecoder.m */; };
		79E2DD8D1C0DCA0000FB38DD /* SDWebImageDownloader.m in Sources */ = {isa = PBXBuildFile; fileRef = 79E2DD6F1C0DCA0000FB38DD /* SDWebImageDownloader.m */; };
		79E2DD8E1C0DCA0000FB38DD /* SDWebImageDownloaderOperation.m in Sources */ = {isa = PBXBuildFile; fileRef = 79E2DD711C0DCA0000FB38DD /* SDWebImageDownloaderOperation.m */; };
		79E2DD8F1C0DCA0000FB38DD /* SDWebImageManager+MJ.m in Sources */ = {isa = PBXBuildFile; fileRef = 79E2DD731C0DCA0000FB38DD /* SDWebImageManager+MJ.m */; };
		79E2DD901C0DCA0000FB38DD /* SDWebImageManager.m in Sources */ = {isa = PBXBuildFile; fileRef = 79E2DD751C0DCA0000FB38DD /* SDWebImageManager.m */; };
		79E2DD911C0DCA0000FB38DD /* SDWebImagePrefetcher.m in Sources */ = {isa = PBXBuildFile; fileRef = 79E2DD781C0DCA0000FB38DD /* SDWebImagePrefetcher.m */; };
		79E2DD921C0DCA0000FB38DD /* UIButton+WebCache.m in Sources */ = {isa = PBXBuildFile; fileRef = 79E2DD7A1C0DCA0000FB38DD /* UIButton+WebCache.m */; };
		79E2DD931C0DCA0000FB38DD /* UIImage+GIF.m in Sources */ = {isa = PBXBuildFile; fileRef = 79E2DD7C1C0DCA0000FB38DD /* UIImage+GIF.m */; };
		79E2DD941C0DCA0000FB38DD /* UIImage+MultiFormat.m in Sources */ = {isa = PBXBuildFile; fileRef = 79E2DD7E1C0DCA0000FB38DD /* UIImage+MultiFormat.m */; };
		79E2DD951C0DCA0000FB38DD /* UIImage+WebP.m in Sources */ = {isa = PBXBuildFile; fileRef = 79E2DD801C0DCA0000FB38DD /* UIImage+WebP.m */; };
		79E2DD961C0DCA0000FB38DD /* UIImageView+HighlightedWebCache.m in Sources */ = {isa = PBXBuildFile; fileRef = 79E2DD821C0DCA0000FB38DD /* UIImageView+HighlightedWebCache.m */; };
		79E2DD971C0DCA0000FB38DD /* UIImageView+WebCache.m in Sources */ = {isa = PBXBuildFile; fileRef = 79E2DD841C0DCA0000FB38DD /* UIImageView+WebCache.m */; };
		79E2DD981C0DCA0000FB38DD /* UIView+WebCacheOperation.m in Sources */ = {isa = PBXBuildFile; fileRef = 79E2DD861C0DCA0000FB38DD /* UIView+WebCacheOperation.m */; };
		79E2DDB21C0DCA2800FB38DD /* MJRefresh.bundle in Resources */ = {isa = PBXBuildFile; fileRef = 79E2DD9A1C0DCA2800FB38DD /* MJRefresh.bundle */; };
		79E2DDB31C0DCA2800FB38DD /* MJRefreshComponent.m in Sources */ = {isa = PBXBuildFile; fileRef = 79E2DD9D1C0DCA2800FB38DD /* MJRefreshComponent.m */; };
		79E2DDB41C0DCA2800FB38DD /* MJRefreshConst.m in Sources */ = {isa = PBXBuildFile; fileRef = 79E2DD9F1C0DCA2800FB38DD /* MJRefreshConst.m */; };
		79E2DDB51C0DCA2800FB38DD /* MJRefreshFooter.m in Sources */ = {isa = PBXBuildFile; fileRef = 79E2DDA11C0DCA2800FB38DD /* MJRefreshFooter.m */; };
		79E2DDB61C0DCA2800FB38DD /* MJRefreshGifFooter.m in Sources */ = {isa = PBXBuildFile; fileRef = 79E2DDA31C0DCA2800FB38DD /* MJRefreshGifFooter.m */; };
		79E2DDB71C0DCA2800FB38DD /* MJRefreshGifHeader.m in Sources */ = {isa = PBXBuildFile; fileRef = 79E2DDA51C0DCA2800FB38DD /* MJRefreshGifHeader.m */; };
		79E2DDB81C0DCA2800FB38DD /* MJRefreshHeader.m in Sources */ = {isa = PBXBuildFile; fileRef = 79E2DDA71C0DCA2800FB38DD /* MJRefreshHeader.m */; };
		79E2DDB91C0DCA2800FB38DD /* MJRefreshLegendFooter.m in Sources */ = {isa = PBXBuildFile; fileRef = 79E2DDA91C0DCA2800FB38DD /* MJRefreshLegendFooter.m */; };
		79E2DDBA1C0DCA2800FB38DD /* MJRefreshLegendHeader.m in Sources */ = {isa = PBXBuildFile; fileRef = 79E2DDAB1C0DCA2800FB38DD /* MJRefreshLegendHeader.m */; };
		79E2DDBB1C0DCA2800FB38DD /* UIScrollView+MJExtension.m in Sources */ = {isa = PBXBuildFile; fileRef = 79E2DDAD1C0DCA2800FB38DD /* UIScrollView+MJExtension.m */; };
		79E2DDBC1C0DCA2800FB38DD /* UIScrollView+MJRefresh.m in Sources */ = {isa = PBXBuildFile; fileRef = 79E2DDAF1C0DCA2800FB38DD /* UIScrollView+MJRefresh.m */; };
		79E2DDBD1C0DCA2800FB38DD /* UIView+MJExtension.m in Sources */ = {isa = PBXBuildFile; fileRef = 79E2DDB11C0DCA2800FB38DD /* UIView+MJExtension.m */; };
/* End PBXBuildFile section */

/* Begin PBXContainerItemProxy section */
		79E2DCF21C0DA42800FB38DD /* PBXContainerItemProxy */ = {
			isa = PBXContainerItemProxy;
			containerPortal = 79E2DCD01C0DA42800FB38DD /* Project object */;
			proxyType = 1;
			remoteGlobalIDString = 79E2DCD71C0DA42800FB38DD;
			remoteInfo = "果壳精选";
		};
		79E2DCFD1C0DA42800FB38DD /* PBXContainerItemProxy */ = {
			isa = PBXContainerItemProxy;
			containerPortal = 79E2DCD01C0DA42800FB38DD /* Project object */;
			proxyType = 1;
			remoteGlobalIDString = 79E2DCD71C0DA42800FB38DD;
			remoteInfo = "果壳精选";
		};
/* End PBXContainerItemProxy section */

/* Begin PBXFileReference section */
		790318D71C118D10005B98BB /* CoreDataManage.h */ = {isa = PBXFileReference; fileEncoding = 4; lastKnownFileType = sourcecode.c.h; path = CoreDataManage.h; sourceTree = "<group>"; };
		790318D81C118D10005B98BB /* CoreDataManage.m */ = {isa = PBXFileReference; fileEncoding = 4; lastKnownFileType = sourcecode.c.objc; path = CoreDataManage.m; sourceTree = "<group>"; };
		790318DB1C118E81005B98BB /* MyCoreData.xcdatamodel */ = {isa = PBXFileReference; lastKnownFileType = wrapper.xcdatamodel; path = MyCoreData.xcdatamodel; sourceTree = "<group>"; };
		790318E01C118FE4005B98BB /* CoreDataModel+CoreDataProperties.h */ = {isa = PBXFileReference; fileEncoding = 4; lastKnownFileType = sourcecode.c.h; path = "CoreDataModel+CoreDataProperties.h"; sourceTree = "<group>"; };
		790318E11C118FE4005B98BB /* CoreDataModel+CoreDataProperties.m */ = {isa = PBXFileReference; fileEncoding = 4; lastKnownFileType = sourcecode.c.objc; path = "CoreDataModel+CoreDataProperties.m"; sourceTree = "<group>"; };
		790318E21C118FE4005B98BB /* CoreDataModel.h */ = {isa = PBXFileReference; fileEncoding = 4; lastKnownFileType = sourcecode.c.h; path = CoreDataModel.h; sourceTree = "<group>"; };
		790318E31C118FE4005B98BB /* CoreDataModel.m */ = {isa = PBXFileReference; fileEncoding = 4; lastKnownFileType = sourcecode.c.objc; path = CoreDataModel.m; sourceTree = "<group>"; };
		790318E61C11CAA7005B98BB /* CollectCell.h */ = {isa = PBXFileReference; fileEncoding = 4; lastKnownFileType = sourcecode.c.h; path = CollectCell.h; sourceTree = "<group>"; };
		790318E71C11CAA7005B98BB /* CollectCell.m */ = {isa = PBXFileReference; fileEncoding = 4; lastKnownFileType = sourcecode.c.objc; path = CollectCell.m; sourceTree = "<group>"; };
		790C0E6C1C0F343000ED2452 /* DetailController.h */ = {isa = PBXFileReference; fileEncoding = 4; lastKnownFileType = sourcecode.c.h; path = DetailController.h; sourceTree = "<group>"; };
		790C0E6D1C0F343000ED2452 /* DetailController.m */ = {isa = PBXFileReference; fileEncoding = 4; lastKnownFileType = sourcecode.c.objc; path = DetailController.m; sourceTree = "<group>"; };
		7957D8881C12BCF000DB620C /* Security.framework */ = {isa = PBXFileReference; lastKnownFileType = wrapper.framework; name = Security.framework; path = System/Library/Frameworks/Security.framework; sourceTree = SDKROOT; };
		7957D88A1C12BCFA00DB620C /* libiconv.tbd */ = {isa = PBXFileReference; lastKnownFileType = "sourcecode.text-based-dylib-definition"; name = libiconv.tbd; path = usr/lib/libiconv.tbd; sourceTree = SDKROOT; };
		7957D88C1C12BD3700DB620C /* SystemConfiguration.framework */ = {isa = PBXFileReference; lastKnownFileType = wrapper.framework; name = SystemConfiguration.framework; path = System/Library/Frameworks/SystemConfiguration.framework; sourceTree = SDKROOT; };
		7957D8971C12C09700DB620C /* en */ = {isa = PBXFileReference; lastKnownFileType = text.plist.strings; name = en; path = en.lproj/UMSocialLocalizable.strings; sourceTree = "<group>"; };
		7957D8991C12C09700DB620C /* UMSocial.h */ = {isa = PBXFileReference; fileEncoding = 4; lastKnownFileType = sourcecode.c.h; path = UMSocial.h; sourceTree = "<group>"; };
		7957D89A1C12C09700DB620C /* UMSocialAccountManager.h */ = {isa = PBXFileReference; fileEncoding = 4; lastKnownFileType = sourcecode.c.h; path = UMSocialAccountManager.h; sourceTree = "<group>"; };
		7957D89B1C12C09700DB620C /* UMSocialBar.h */ = {isa = PBXFileReference; fileEncoding = 4; lastKnownFileType = sourcecode.c.h; path = UMSocialBar.h; sourceTree = "<group>"; };
		7957D89C1C12C09700DB620C /* UMSocialConfig.h */ = {isa = PBXFileReference; fileEncoding = 4; lastKnownFileType = sourcecode.c.h; path = UMSocialConfig.h; sourceTree = "<group>"; };
		7957D89D1C12C09700DB620C /* UMSocialControllerService.h */ = {isa = PBXFileReference; fileEncoding = 4; lastKnownFileType = sourcecode.c.h; path = UMSocialControllerService.h; sourceTree = "<group>"; };
		7957D89E1C12C09700DB620C /* UMSocialControllerServiceComment.h */ = {isa = PBXFileReference; fileEncoding = 4; lastKnownFileType = sourcecode.c.h; path = UMSocialControllerServiceComment.h; sourceTree = "<group>"; };
		7957D89F1C12C09700DB620C /* UMSocialData.h */ = {isa = PBXFileReference; fileEncoding = 4; lastKnownFileType = sourcecode.c.h; path = UMSocialData.h; sourceTree = "<group>"; };
		7957D8A01C12C09700DB620C /* UMSocialDataService.h */ = {isa = PBXFileReference; fileEncoding = 4; lastKnownFileType = sourcecode.c.h; path = UMSocialDataService.h; sourceTree = "<group>"; };
		7957D8A11C12C09700DB620C /* UMSocialSnsData.h */ = {isa = PBXFileReference; fileEncoding = 4; lastKnownFileType = sourcecode.c.h; path = UMSocialSnsData.h; sourceTree = "<group>"; };
		7957D8A21C12C09700DB620C /* UMSocialSnsPlatformManager.h */ = {isa = PBXFileReference; fileEncoding = 4; lastKnownFileType = sourcecode.c.h; path = UMSocialSnsPlatformManager.h; sourceTree = "<group>"; };
		7957D8A31C12C09700DB620C /* UMSocialSnsService.h */ = {isa = PBXFileReference; fileEncoding = 4; lastKnownFileType = sourcecode.c.h; path = UMSocialSnsService.h; sourceTree = "<group>"; };
		7957D8A41C12C09700DB620C /* libUMSocial_Sdk_4.4.a */ = {isa = PBXFileReference; lastKnownFileType = archive.ar; path = libUMSocial_Sdk_4.4.a; sourceTree = "<group>"; };
		7957D8A61C12C09700DB620C /* UMSCommentDetailController.xib */ = {isa = PBXFileReference; fileEncoding = 4; lastKnownFileType = file.xib; path = UMSCommentDetailController.xib; sourceTree = "<group>"; };
		7957D8A71C12C09700DB620C /* UMSCommentInputController.xib */ = {isa = PBXFileReference; fileEncoding = 4; lastKnownFileType = file.xib; path = UMSCommentInputController.xib; sourceTree = "<group>"; };
		7957D8A81C12C09700DB620C /* UMSCommentInputControlleriPad.xib */ = {isa = PBXFileReference; fileEncoding = 4; lastKnownFileType = file.xib; path = UMSCommentInputControlleriPad.xib; sourceTree = "<group>"; };
		7957D8A91C12C09700DB620C /* UMShareEditViewController.xib */ = {isa = PBXFileReference; fileEncoding = 4; lastKnownFileType = file.xib; path = UMShareEditViewController.xib; sourceTree = "<group>"; };
		7957D8AA1C12C09700DB620C /* UMShareEditViewControlleriPad.xib */ = {isa = PBXFileReference; fileEncoding = 4; lastKnownFileType = file.xib; path = UMShareEditViewControlleriPad.xib; sourceTree = "<group>"; };
		7957D8AB1C12C09700DB620C /* UMSLoginViewController.xib */ = {isa = PBXFileReference; fileEncoding = 4; lastKnownFileType = file.xib; path = UMSLoginViewController.xib; sourceTree = "<group>"; };
		7957D8AC1C12C09700DB620C /* UMSnsAccountViewController.xib */ = {isa = PBXFileReference; fileEncoding = 4; lastKnownFileType = file.xib; path = UMSnsAccountViewController.xib; sourceTree = "<group>"; };
		7957D8AD1C12C09700DB620C /* UMSShareListController.xib */ = {isa = PBXFileReference; fileEncoding = 4; lastKnownFileType = file.xib; path = UMSShareListController.xib; sourceTree = "<group>"; };
		7957D8AE1C12C09700DB620C /* UMSocialSDKResourcesNew.bundle */ = {isa = PBXFileReference; lastKnownFileType = "wrapper.plug-in"; path = UMSocialSDKResourcesNew.bundle; sourceTree = "<group>"; };
		7957D8AF1C12C09700DB620C /* zh-Hans */ = {isa = PBXFileReference; lastKnownFileType = text.plist.strings; name = "zh-Hans"; path = "zh-Hans.lproj/UMSocialLocalizable.strings"; sourceTree = "<group>"; };
		7957D8B21C12C09700DB620C /* libSocialQQ.a */ = {isa = PBXFileReference; lastKnownFileType = archive.ar; path = libSocialQQ.a; sourceTree = "<group>"; };
		7957D8B31C12C09700DB620C /* TencentOpenAPI.framework */ = {isa = PBXFileReference; lastKnownFileType = wrapper.framework; path = TencentOpenAPI.framework; sourceTree = "<group>"; };
		7957D8B41C12C09700DB620C /* TencentOpenApi_IOS_Bundle.bundle */ = {isa = PBXFileReference; lastKnownFileType = "wrapper.plug-in"; path = TencentOpenApi_IOS_Bundle.bundle; sourceTree = "<group>"; };
		7957D8B51C12C09700DB620C /* UMSocialQQHandler.h */ = {isa = PBXFileReference; fileEncoding = 4; lastKnownFileType = sourcecode.c.h; path = UMSocialQQHandler.h; sourceTree = "<group>"; };
		7957D8B71C12C09700DB620C /* libSocialWechat.a */ = {isa = PBXFileReference; lastKnownFileType = archive.ar; path = libSocialWechat.a; sourceTree = "<group>"; };
		7957D8B81C12C09700DB620C /* libWeChatSDK.a */ = {isa = PBXFileReference; lastKnownFileType = archive.ar; path = libWeChatSDK.a; sourceTree = "<group>"; };
		7957D8B91C12C09700DB620C /* UMSocialWechatHandler.h */ = {isa = PBXFileReference; fileEncoding = 4; lastKnownFileType = sourcecode.c.h; path = UMSocialWechatHandler.h; sourceTree = "<group>"; };
		7957D8BA1C12C09700DB620C /* WXApi.h */ = {isa = PBXFileReference; fileEncoding = 4; lastKnownFileType = sourcecode.c.h; path = WXApi.h; sourceTree = "<group>"; };
		7957D8BB1C12C09700DB620C /* WXApiObject.h */ = {isa = PBXFileReference; fileEncoding = 4; lastKnownFileType = sourcecode.c.h; path = WXApiObject.h; sourceTree = "<group>"; };
		7957D8BD1C12C09700DB620C /* iOS-social-analytics-releasenote.html */ = {isa = PBXFileReference; fileEncoding = 4; lastKnownFileType = text.html; path = "iOS-social-analytics-releasenote.html"; sourceTree = "<group>"; };
		7957D8BE1C12C09700DB620C /* iOS-social-releasenote.html */ = {isa = PBXFileReference; fileEncoding = 4; lastKnownFileType = text.html; path = "iOS-social-releasenote.html"; sourceTree = "<group>"; };
		7957D8BF1C12C09700DB620C /* ios-social-sdk-comment-detail.html */ = {isa = PBXFileReference; fileEncoding = 4; lastKnownFileType = text.html; path = "ios-social-sdk-comment-detail.html"; sourceTree = "<group>"; };
		7957D8C01C12C09700DB620C /* ios-social-sdk-comment-quick.html */ = {isa = PBXFileReference; fileEncoding = 4; lastKnownFileType = text.html; path = "ios-social-sdk-comment-quick.html"; sourceTree = "<group>"; };
		7957D8C11C12C09700DB620C /* ios-social-sdk-like.html */ = {isa = PBXFileReference; fileEncoding = 4; lastKnownFileType = text.html; path = "ios-social-sdk-like.html"; sourceTree = "<group>"; };
		7957D8C21C12C09700DB620C /* ios-social-sdk-login-detail.html */ = {isa = PBXFileReference; fileEncoding = 4; lastKnownFileType = text.html; path = "ios-social-sdk-login-detail.html"; sourceTree = "<group>"; };
		7957D8C31C12C09700DB620C /* ios-social-sdk-login-quick.html */ = {isa = PBXFileReference; fileEncoding = 4; lastKnownFileType = text.html; path = "ios-social-sdk-login-quick.html"; sourceTree = "<group>"; };
		7957D8C41C12C09700DB620C /* ios-social-sdk-shake.html */ = {isa = PBXFileReference; fileEncoding = 4; lastKnownFileType = text.html; path = "ios-social-sdk-shake.html"; sourceTree = "<group>"; };
		7957D8C51C12C09700DB620C /* ios-social-sdk-share-detail.html */ = {isa = PBXFileReference; fileEncoding = 4; lastKnownFileType = text.html; path = "ios-social-sdk-share-detail.html"; sourceTree = "<group>"; };
		7957D8C61C12C09700DB620C /* ios-social-sdk-share-quick.html */ = {isa = PBXFileReference; fileEncoding = 4; lastKnownFileType = text.html; path = "ios-social-sdk-share-quick.html"; sourceTree = "<group>"; };
		7957D8C71C12C09700DB620C /* ios-social-sdk-socialbar.html */ = {isa = PBXFileReference; fileEncoding = 4; lastKnownFileType = text.html; path = "ios-social-sdk-socialbar.html"; sourceTree = "<group>"; };
		7957D8C81C12C09700DB620C /* markdown.css */ = {isa = PBXFileReference; fileEncoding = 4; lastKnownFileType = text.css; path = markdown.css; sourceTree = "<group>"; };
		7957D8E51C12C0D100DB620C /* CoreGraphics.framework */ = {isa = PBXFileReference; lastKnownFileType = wrapper.framework; name = CoreGraphics.framework; path = System/Library/Frameworks/CoreGraphics.framework; sourceTree = SDKROOT; };
		7957D8E71C12C0E000DB620C /* libsqlite3.tbd */ = {isa = PBXFileReference; lastKnownFileType = "sourcecode.text-based-dylib-definition"; name = libsqlite3.tbd; path = usr/lib/libsqlite3.tbd; sourceTree = SDKROOT; };
		7957D8E91C12C0EC00DB620C /* CoreTelephony.framework */ = {isa = PBXFileReference; lastKnownFileType = wrapper.framework; name = CoreTelephony.framework; path = System/Library/Frameworks/CoreTelephony.framework; sourceTree = SDKROOT; };
		7957D8EB1C12C0F400DB620C /* libstdc++.tbd */ = {isa = PBXFileReference; lastKnownFileType = "sourcecode.text-based-dylib-definition"; name = "libstdc++.tbd"; path = "usr/lib/libstdc++.tbd"; sourceTree = SDKROOT; };
		7957D8ED1C12C0FB00DB620C /* libz.tbd */ = {isa = PBXFileReference; lastKnownFileType = "sourcecode.text-based-dylib-definition"; name = libz.tbd; path = usr/lib/libz.tbd; sourceTree = SDKROOT; };
		7957D8F51C12C3B500DB620C /* Info.plist */ = {isa = PBXFileReference; fileEncoding = 4; lastKnownFileType = text.plist.xml; path = Info.plist; sourceTree = "<group>"; };
		796BCC3B1C0DDCE0003D4993 /* WaterFlowLayout.h */ = {isa = PBXFileReference; fileEncoding = 4; lastKnownFileType = sourcecode.c.h; path = WaterFlowLayout.h; sourceTree = "<group>"; };
		796BCC3C1C0DDCE0003D4993 /* WaterFlowLayout.m */ = {isa = PBXFileReference; fileEncoding = 4; lastKnownFileType = sourcecode.c.objc; path = WaterFlowLayout.m; sourceTree = "<group>"; };
		796D2BA51C113D6C009801CD /* CollectController.h */ = {isa = PBXFileReference; fileEncoding = 4; lastKnownFileType = sourcecode.c.h; path = CollectController.h; sourceTree = "<group>"; };
		796D2BA61C113D6C009801CD /* CollectController.m */ = {isa = PBXFileReference; fileEncoding = 4; lastKnownFileType = sourcecode.c.objc; path = CollectController.m; sourceTree = "<group>"; };
		796D2BAA1C11647E009801CD /* CenterController.h */ = {isa = PBXFileReference; fileEncoding = 4; lastKnownFileType = sourcecode.c.h; path = CenterController.h; sourceTree = "<group>"; };
		796D2BAB1C11647E009801CD /* CenterController.m */ = {isa = PBXFileReference; fileEncoding = 4; lastKnownFileType = sourcecode.c.objc; path = CenterController.m; sourceTree = "<group>"; };
		796D2BAF1C117553009801CD /* LinkController.h */ = {isa = PBXFileReference; fileEncoding = 4; lastKnownFileType = sourcecode.c.h; path = LinkController.h; sourceTree = "<group>"; };
		796D2BB01C117553009801CD /* LinkController.m */ = {isa = PBXFileReference; fileEncoding = 4; lastKnownFileType = sourcecode.c.objc; path = LinkController.m; sourceTree = "<group>"; };
		79E2DCD81C0DA42800FB38DD /* 果壳精选.app */ = {isa = PBXFileReference; explicitFileType = wrapper.application; includeInIndex = 0; path = "果壳精选.app"; sourceTree = BUILT_PRODUCTS_DIR; };
		79E2DCDC1C0DA42800FB38DD /* main.m */ = {isa = PBXFileReference; lastKnownFileType = sourcecode.c.objc; path = main.m; sourceTree = "<group>"; };
		79E2DCDE1C0DA42800FB38DD /* AppDelegate.h */ = {isa = PBXFileReference; lastKnownFileType = sourcecode.c.h; path = AppDelegate.h; sourceTree = "<group>"; };
		79E2DCDF1C0DA42800FB38DD /* AppDelegate.m */ = {isa = PBXFileReference; lastKnownFileType = sourcecode.c.objc; path = AppDelegate.m; sourceTree = "<group>"; };
		79E2DCE11C0DA42800FB38DD /* ViewController.h */ = {isa = PBXFileReference; lastKnownFileType = sourcecode.c.h; path = ViewController.h; sourceTree = "<group>"; };
		79E2DCE21C0DA42800FB38DD /* ViewController.m */ = {isa = PBXFileReference; lastKnownFileType = sourcecode.c.objc; path = ViewController.m; sourceTree = "<group>"; };
		79E2DCE51C0DA42800FB38DD /* Base */ = {isa = PBXFileReference; lastKnownFileType = file.storyboard; name = Base; path = Base.lproj/Main.storyboard; sourceTree = "<group>"; };
		79E2DCE71C0DA42800FB38DD /* Assets.xcassets */ = {isa = PBXFileReference; lastKnownFileType = folder.assetcatalog; path = Assets.xcassets; sourceTree = "<group>"; };
		79E2DCEA1C0DA42800FB38DD /* Base */ = {isa = PBXFileReference; lastKnownFileType = file.storyboard; name = Base; path = Base.lproj/LaunchScreen.storyboard; sourceTree = "<group>"; };
		79E2DCF11C0DA42800FB38DD /* 果壳精选Tests.xctest */ = {isa = PBXFileReference; explicitFileType = wrapper.cfbundle; includeInIndex = 0; path = "果壳精选Tests.xctest"; sourceTree = BUILT_PRODUCTS_DIR; };
		79E2DCF51C0DA42800FB38DD /* ____Tests.m */ = {isa = PBXFileReference; lastKnownFileType = sourcecode.c.objc; path = "____Tests.m"; sourceTree = "<group>"; };
		79E2DCF71C0DA42800FB38DD /* Info.plist */ = {isa = PBXFileReference; lastKnownFileType = text.plist.xml; path = Info.plist; sourceTree = "<group>"; };
		79E2DCFC1C0DA42800FB38DD /* 果壳精选UITests.xctest */ = {isa = PBXFileReference; explicitFileType = wrapper.cfbundle; includeInIndex = 0; path = "果壳精选UITests.xctest"; sourceTree = BUILT_PRODUCTS_DIR; };
		79E2DD001C0DA42800FB38DD /* ____UITests.m */ = {isa = PBXFileReference; lastKnownFileType = sourcecode.c.objc; path = "____UITests.m"; sourceTree = "<group>"; };
		79E2DD021C0DA42800FB38DD /* Info.plist */ = {isa = PBXFileReference; lastKnownFileType = text.plist.xml; path = Info.plist; sourceTree = "<group>"; };
		79E2DD101C0DB47600FB38DD /* MMDrawerBarButtonItem.h */ = {isa = PBXFileReference; fileEncoding = 4; lastKnownFileType = sourcecode.c.h; path = MMDrawerBarButtonItem.h; sourceTree = "<group>"; };
		79E2DD111C0DB47600FB38DD /* MMDrawerBarButtonItem.m */ = {isa = PBXFileReference; fileEncoding = 4; lastKnownFileType = sourcecode.c.objc; path = MMDrawerBarButtonItem.m; sourceTree = "<group>"; };
		79E2DD121C0DB47600FB38DD /* MMDrawerController.h */ = {isa = PBXFileReference; fileEncoding = 4; lastKnownFileType = sourcecode.c.h; path = MMDrawerController.h; sourceTree = "<group>"; };
		79E2DD131C0DB47600FB38DD /* MMDrawerController.m */ = {isa = PBXFileReference; fileEncoding = 4; lastKnownFileType = sourcecode.c.objc; path = MMDrawerController.m; sourceTree = "<group>"; };
		79E2DD141C0DB47600FB38DD /* MMDrawerVisualState.h */ = {isa = PBXFileReference; fileEncoding = 4; lastKnownFileType = sourcecode.c.h; path = MMDrawerVisualState.h; sourceTree = "<group>"; };
		79E2DD151C0DB47600FB38DD /* MMDrawerVisualState.m */ = {isa = PBXFileReference; fileEncoding = 4; lastKnownFileType = sourcecode.c.objc; path = MMDrawerVisualState.m; sourceTree = "<group>"; };
		79E2DD161C0DB47600FB38DD /* UIViewController+MMDrawerController.h */ = {isa = PBXFileReference; fileEncoding = 4; lastKnownFileType = sourcecode.c.h; path = "UIViewController+MMDrawerController.h"; sourceTree = "<group>"; };
		79E2DD171C0DB47600FB38DD /* UIViewController+MMDrawerController.m */ = {isa = PBXFileReference; fileEncoding = 4; lastKnownFileType = sourcecode.c.objc; path = "UIViewController+MMDrawerController.m"; sourceTree = "<group>"; };
		79E2DD281C0DB51A00FB38DD /* BestController.h */ = {isa = PBXFileReference; fileEncoding = 4; lastKnownFileType = sourcecode.c.h; path = BestController.h; sourceTree = "<group>"; };
		79E2DD291C0DB51A00FB38DD /* BestController.m */ = {isa = PBXFileReference; fileEncoding = 4; lastKnownFileType = sourcecode.c.objc; path = BestController.m; sourceTree = "<group>"; };
		79E2DD301C0DB57000FB38DD /* LeftController.h */ = {isa = PBXFileReference; fileEncoding = 4; lastKnownFileType = sourcecode.c.h; path = LeftController.h; sourceTree = "<group>"; };
		79E2DD311C0DB57000FB38DD /* LeftController.m */ = {isa = PBXFileReference; fileEncoding = 4; lastKnownFileType = sourcecode.c.objc; path = LeftController.m; sourceTree = "<group>"; };
		79E2DD331C0DB58600FB38DD /* SettingController.h */ = {isa = PBXFileReference; fileEncoding = 4; lastKnownFileType = sourcecode.c.h; path = SettingController.h; sourceTree = "<group>"; };
		79E2DD341C0DB58600FB38DD /* SettingController.m */ = {isa = PBXFileReference; fileEncoding = 4; lastKnownFileType = sourcecode.c.objc; path = SettingController.m; sourceTree = "<group>"; };
		79E2DD381C0DBFD700FB38DD /* 00.jpg */ = {isa = PBXFileReference; lastKnownFileType = image.jpeg; path = 00.jpg; sourceTree = "<group>"; };
		79E2DD391C0DBFD700FB38DD /* 01.jpg */ = {isa = PBXFileReference; lastKnownFileType = image.jpeg; path = 01.jpg; sourceTree = "<group>"; };
		79E2DD3A1C0DBFD700FB38DD /* 02.jpg */ = {isa = PBXFileReference; lastKnownFileType = image.jpeg; path = 02.jpg; sourceTree = "<group>"; };
		79E2DD3B1C0DBFD700FB38DD /* 03.jpg */ = {isa = PBXFileReference; lastKnownFileType = image.jpeg; path = 03.jpg; sourceTree = "<group>"; };
		79E2DD3C1C0DBFD700FB38DD /* 04.jpg */ = {isa = PBXFileReference; lastKnownFileType = image.jpeg; path = 04.jpg; sourceTree = "<group>"; };
		79E2DD3D1C0DBFD700FB38DD /* 05.jpg */ = {isa = PBXFileReference; lastKnownFileType = image.jpeg; path = 05.jpg; sourceTree = "<group>"; };
		79E2DD3E1C0DBFD700FB38DD /* 06.jpg */ = {isa = PBXFileReference; lastKnownFileType = image.jpeg; path = 06.jpg; sourceTree = "<group>"; };
		79E2DD3F1C0DBFD700FB38DD /* 07.jpg */ = {isa = PBXFileReference; lastKnownFileType = image.jpeg; path = 07.jpg; sourceTree = "<group>"; };
		79E2DD401C0DBFD700FB38DD /* 08.jpg */ = {isa = PBXFileReference; lastKnownFileType = image.jpeg; path = 08.jpg; sourceTree = "<group>"; };
		79E2DD411C0DBFD700FB38DD /* 09.jpg */ = {isa = PBXFileReference; lastKnownFileType = image.jpeg; path = 09.jpg; sourceTree = "<group>"; };
		79E2DD421C0DBFD700FB38DD /* 10.jpg */ = {isa = PBXFileReference; lastKnownFileType = image.jpeg; path = 10.jpg; sourceTree = "<group>"; };
		79E2DD431C0DBFD700FB38DD /* 11.jpg */ = {isa = PBXFileReference; lastKnownFileType = image.jpeg; path = 11.jpg; sourceTree = "<group>"; };
		79E2DD441C0DBFD700FB38DD /* 12.jpg */ = {isa = PBXFileReference; lastKnownFileType = image.jpeg; path = 12.jpg; sourceTree = "<group>"; };
		79E2DD451C0DBFD700FB38DD /* 13.jpg */ = {isa = PBXFileReference; lastKnownFileType = image.jpeg; path = 13.jpg; sourceTree = "<group>"; };
		79E2DD461C0DBFD700FB38DD /* 14.jpg */ = {isa = PBXFileReference; lastKnownFileType = image.jpeg; path = 14.jpg; sourceTree = "<group>"; };
		79E2DD571C0DC09900FB38DD /* Define.h */ = {isa = PBXFileReference; fileEncoding = 4; lastKnownFileType = sourcecode.c.h; path = Define.h; sourceTree = "<group>"; };
		79E2DD581C0DC23C00FB38DD /* BestCell.h */ = {isa = PBXFileReference; fileEncoding = 4; lastKnownFileType = sourcecode.c.h; path = BestCell.h; sourceTree = "<group>"; };
		79E2DD591C0DC23C00FB38DD /* BestCell.m */ = {isa = PBXFileReference; fileEncoding = 4; lastKnownFileType = sourcecode.c.objc; path = BestCell.m; sourceTree = "<group>"; };
		79E2DD5B1C0DC28000FB38DD /* BestModel.h */ = {isa = PBXFileReference; fileEncoding = 4; lastKnownFileType = sourcecode.c.h; path = BestModel.h; sourceTree = "<group>"; };
		79E2DD5C1C0DC28000FB38DD /* BestModel.m */ = {isa = PBXFileReference; fileEncoding = 4; lastKnownFileType = sourcecode.c.objc; path = BestModel.m; sourceTree = "<group>"; };
		79E2DD5E1C0DC61400FB38DD /* DIYButton.h */ = {isa = PBXFileReference; fileEncoding = 4; lastKnownFileType = sourcecode.c.h; path = DIYButton.h; sourceTree = "<group>"; };
		79E2DD5F1C0DC61400FB38DD /* DIYButton.m */ = {isa = PBXFileReference; fileEncoding = 4; lastKnownFileType = sourcecode.c.objc; path = DIYButton.m; sourceTree = "<group>"; };
		79E2DD621C0DCA0000FB38DD /* MKAnnotationView+WebCache.h */ = {isa = PBXFileReference; fileEncoding = 4; lastKnownFileType = sourcecode.c.h; path = "MKAnnotationView+WebCache.h"; sourceTree = "<group>"; };
		79E2DD631C0DCA0000FB38DD /* MKAnnotationView+WebCache.m */ = {isa = PBXFileReference; fileEncoding = 4; lastKnownFileType = sourcecode.c.objc; path = "MKAnnotationView+WebCache.m"; sourceTree = "<group>"; };
		79E2DD641C0DCA0000FB38DD /* NSData+GIF.h */ = {isa = PBXFileReference; fileEncoding = 4; lastKnownFileType = sourcecode.c.h; path = "NSData+GIF.h"; sourceTree = "<group>"; };
		79E2DD651C0DCA0000FB38DD /* NSData+GIF.m */ = {isa = PBXFileReference; fileEncoding = 4; lastKnownFileType = sourcecode.c.objc; path = "NSData+GIF.m"; sourceTree = "<group>"; };
		79E2DD661C0DCA0000FB38DD /* NSData+ImageContentType.h */ = {isa = PBXFileReference; fileEncoding = 4; lastKnownFileType = sourcecode.c.h; path = "NSData+ImageContentType.h"; sourceTree = "<group>"; };
		79E2DD671C0DCA0000FB38DD /* NSData+ImageContentType.m */ = {isa = PBXFileReference; fileEncoding = 4; lastKnownFileType = sourcecode.c.objc; path = "NSData+ImageContentType.m"; sourceTree = "<group>"; };
		79E2DD681C0DCA0000FB38DD /* SDImageCache.h */ = {isa = PBXFileReference; fileEncoding = 4; lastKnownFileType = sourcecode.c.h; path = SDImageCache.h; sourceTree = "<group>"; };
		79E2DD691C0DCA0000FB38DD /* SDImageCache.m */ = {isa = PBXFileReference; fileEncoding = 4; lastKnownFileType = sourcecode.c.objc; path = SDImageCache.m; sourceTree = "<group>"; };
		79E2DD6A1C0DCA0000FB38DD /* SDWebImageCompat.h */ = {isa = PBXFileReference; fileEncoding = 4; lastKnownFileType = sourcecode.c.h; path = SDWebImageCompat.h; sourceTree = "<group>"; };
		79E2DD6B1C0DCA0000FB38DD /* SDWebImageCompat.m */ = {isa = PBXFileReference; fileEncoding = 4; lastKnownFileType = sourcecode.c.objc; path = SDWebImageCompat.m; sourceTree = "<group>"; };
		79E2DD6C1C0DCA0000FB38DD /* SDWebImageDecoder.h */ = {isa = PBXFileReference; fileEncoding = 4; lastKnownFileType = sourcecode.c.h; path = SDWebImageDecoder.h; sourceTree = "<group>"; };
		79E2DD6D1C0DCA0000FB38DD /* SDWebImageDecoder.m */ = {isa = PBXFileReference; fileEncoding = 4; lastKnownFileType = sourcecode.c.objc; path = SDWebImageDecoder.m; sourceTree = "<group>"; };
		79E2DD6E1C0DCA0000FB38DD /* SDWebImageDownloader.h */ = {isa = PBXFileReference; fileEncoding = 4; lastKnownFileType = sourcecode.c.h; path = SDWebImageDownloader.h; sourceTree = "<group>"; };
		79E2DD6F1C0DCA0000FB38DD /* SDWebImageDownloader.m */ = {isa = PBXFileReference; fileEncoding = 4; lastKnownFileType = sourcecode.c.objc; path = SDWebImageDownloader.m; sourceTree = "<group>"; };
		79E2DD701C0DCA0000FB38DD /* SDWebImageDownloaderOperation.h */ = {isa = PBXFileReference; fileEncoding = 4; lastKnownFileType = sourcecode.c.h; path = SDWebImageDownloaderOperation.h; sourceTree = "<group>"; };
		79E2DD711C0DCA0000FB38DD /* SDWebImageDownloaderOperation.m */ = {isa = PBXFileReference; fileEncoding = 4; lastKnownFileType = sourcecode.c.objc; path = SDWebImageDownloaderOperation.m; sourceTree = "<group>"; };
		79E2DD721C0DCA0000FB38DD /* SDWebImageManager+MJ.h */ = {isa = PBXFileReference; fileEncoding = 4; lastKnownFileType = sourcecode.c.h; path = "SDWebImageManager+MJ.h"; sourceTree = "<group>"; };
		79E2DD731C0DCA0000FB38DD /* SDWebImageManager+MJ.m */ = {isa = PBXFileReference; fileEncoding = 4; lastKnownFileType = sourcecode.c.objc; path = "SDWebImageManager+MJ.m"; sourceTree = "<group>"; };
		79E2DD741C0DCA0000FB38DD /* SDWebImageManager.h */ = {isa = PBXFileReference; fileEncoding = 4; lastKnownFileType = sourcecode.c.h; path = SDWebImageManager.h; sourceTree = "<group>"; };
		79E2DD751C0DCA0000FB38DD /* SDWebImageManager.m */ = {isa = PBXFileReference; fileEncoding = 4; lastKnownFileType = sourcecode.c.objc; path = SDWebImageManager.m; sourceTree = "<group>"; };
		79E2DD761C0DCA0000FB38DD /* SDWebImageOperation.h */ = {isa = PBXFileReference; fileEncoding = 4; lastKnownFileType = sourcecode.c.h; path = SDWebImageOperation.h; sourceTree = "<group>"; };
		79E2DD771C0DCA0000FB38DD /* SDWebImagePrefetcher.h */ = {isa = PBXFileReference; fileEncoding = 4; lastKnownFileType = sourcecode.c.h; path = SDWebImagePrefetcher.h; sourceTree = "<group>"; };
		79E2DD781C0DCA0000FB38DD /* SDWebImagePrefetcher.m */ = {isa = PBXFileReference; fileEncoding = 4; lastKnownFileType = sourcecode.c.objc; path = SDWebImagePrefetcher.m; sourceTree = "<group>"; };
		79E2DD791C0DCA0000FB38DD /* UIButton+WebCache.h */ = {isa = PBXFileReference; fileEncoding = 4; lastKnownFileType = sourcecode.c.h; path = "UIButton+WebCache.h"; sourceTree = "<group>"; };
		79E2DD7A1C0DCA0000FB38DD /* UIButton+WebCache.m */ = {isa = PBXFileReference; fileEncoding = 4; lastKnownFileType = sourcecode.c.objc; path = "UIButton+WebCache.m"; sourceTree = "<group>"; };
		79E2DD7B1C0DCA0000FB38DD /* UIImage+GIF.h */ = {isa = PBXFileReference; fileEncoding = 4; lastKnownFileType = sourcecode.c.h; path = "UIImage+GIF.h"; sourceTree = "<group>"; };
		79E2DD7C1C0DCA0000FB38DD /* UIImage+GIF.m */ = {isa = PBXFileReference; fileEncoding = 4; lastKnownFileType = sourcecode.c.objc; path = "UIImage+GIF.m"; sourceTree = "<group>"; };
		79E2DD7D1C0DCA0000FB38DD /* UIImage+MultiFormat.h */ = {isa = PBXFileReference; fileEncoding = 4; lastKnownFileType = sourcecode.c.h; path = "UIImage+MultiFormat.h"; sourceTree = "<group>"; };
		79E2DD7E1C0DCA0000FB38DD /* UIImage+MultiFormat.m */ = {isa = PBXFileReference; fileEncoding = 4; lastKnownFileType = sourcecode.c.objc; path = "UIImage+MultiFormat.m"; sourceTree = "<group>"; };
		79E2DD7F1C0DCA0000FB38DD /* UIImage+WebP.h */ = {isa = PBXFileReference; fileEncoding = 4; lastKnownFileType = sourcecode.c.h; path = "UIImage+WebP.h"; sourceTree = "<group>"; };
		79E2DD801C0DCA0000FB38DD /* UIImage+WebP.m */ = {isa = PBXFileReference; fileEncoding = 4; lastKnownFileType = sourcecode.c.objc; path = "UIImage+WebP.m"; sourceTree = "<group>"; };
		79E2DD811C0DCA0000FB38DD /* UIImageView+HighlightedWebCache.h */ = {isa = PBXFileReference; fileEncoding = 4; lastKnownFileType = sourcecode.c.h; path = "UIImageView+HighlightedWebCache.h"; sourceTree = "<group>"; };
		79E2DD821C0DCA0000FB38DD /* UIImageView+HighlightedWebCache.m */ = {isa = PBXFileReference; fileEncoding = 4; lastKnownFileType = sourcecode.c.objc; path = "UIImageView+HighlightedWebCache.m"; sourceTree = "<group>"; };
		79E2DD831C0DCA0000FB38DD /* UIImageView+WebCache.h */ = {isa = PBXFileReference; fileEncoding = 4; lastKnownFileType = sourcecode.c.h; path = "UIImageView+WebCache.h"; sourceTree = "<group>"; };
		79E2DD841C0DCA0000FB38DD /* UIImageView+WebCache.m */ = {isa = PBXFileReference; fileEncoding = 4; lastKnownFileType = sourcecode.c.objc; path = "UIImageView+WebCache.m"; sourceTree = "<group>"; };
		79E2DD851C0DCA0000FB38DD /* UIView+WebCacheOperation.h */ = {isa = PBXFileReference; fileEncoding = 4; lastKnownFileType = sourcecode.c.h; path = "UIView+WebCacheOperation.h"; sourceTree = "<group>"; };
		79E2DD861C0DCA0000FB38DD /* UIView+WebCacheOperation.m */ = {isa = PBXFileReference; fileEncoding = 4; lastKnownFileType = sourcecode.c.objc; path = "UIView+WebCacheOperation.m"; sourceTree = "<group>"; };
		79E2DD9A1C0DCA2800FB38DD /* MJRefresh.bundle */ = {isa = PBXFileReference; lastKnownFileType = "wrapper.plug-in"; path = MJRefresh.bundle; sourceTree = "<group>"; };
		79E2DD9B1C0DCA2800FB38DD /* MJRefresh.h */ = {isa = PBXFileReference; fileEncoding = 4; lastKnownFileType = sourcecode.c.h; path = MJRefresh.h; sourceTree = "<group>"; };
		79E2DD9C1C0DCA2800FB38DD /* MJRefreshComponent.h */ = {isa = PBXFileReference; fileEncoding = 4; lastKnownFileType = sourcecode.c.h; path = MJRefreshComponent.h; sourceTree = "<group>"; };
		79E2DD9D1C0DCA2800FB38DD /* MJRefreshComponent.m */ = {isa = PBXFileReference; fileEncoding = 4; lastKnownFileType = sourcecode.c.objc; path = MJRefreshComponent.m; sourceTree = "<group>"; };
		79E2DD9E1C0DCA2800FB38DD /* MJRefreshConst.h */ = {isa = PBXFileReference; fileEncoding = 4; lastKnownFileType = sourcecode.c.h; path = MJRefreshConst.h; sourceTree = "<group>"; };
		79E2DD9F1C0DCA2800FB38DD /* MJRefreshConst.m */ = {isa = PBXFileReference; fileEncoding = 4; lastKnownFileType = sourcecode.c.objc; path = MJRefreshConst.m; sourceTree = "<group>"; };
		79E2DDA01C0DCA2800FB38DD /* MJRefreshFooter.h */ = {isa = PBXFileReference; fileEncoding = 4; lastKnownFileType = sourcecode.c.h; path = MJRefreshFooter.h; sourceTree = "<group>"; };
		79E2DDA11C0DCA2800FB38DD /* MJRefreshFooter.m */ = {isa = PBXFileReference; fileEncoding = 4; lastKnownFileType = sourcecode.c.objc; path = MJRefreshFooter.m; sourceTree = "<group>"; };
		79E2DDA21C0DCA2800FB38DD /* MJRefreshGifFooter.h */ = {isa = PBXFileReference; fileEncoding = 4; lastKnownFileType = sourcecode.c.h; path = MJRefreshGifFooter.h; sourceTree = "<group>"; };
		79E2DDA31C0DCA2800FB38DD /* MJRefreshGifFooter.m */ = {isa = PBXFileReference; fileEncoding = 4; lastKnownFileType = sourcecode.c.objc; path = MJRefreshGifFooter.m; sourceTree = "<group>"; };
		79E2DDA41C0DCA2800FB38DD /* MJRefreshGifHeader.h */ = {isa = PBXFileReference; fileEncoding = 4; lastKnownFileType = sourcecode.c.h; path = MJRefreshGifHeader.h; sourceTree = "<group>"; };
		79E2DDA51C0DCA2800FB38DD /* MJRefreshGifHeader.m */ = {isa = PBXFileReference; fileEncoding = 4; lastKnownFileType = sourcecode.c.objc; path = MJRefreshGifHeader.m; sourceTree = "<group>"; };
		79E2DDA61C0DCA2800FB38DD /* MJRefreshHeader.h */ = {isa = PBXFileReference; fileEncoding = 4; lastKnownFileType = sourcecode.c.h; path = MJRefreshHeader.h; sourceTree = "<group>"; };
		79E2DDA71C0DCA2800FB38DD /* MJRefreshHeader.m */ = {isa = PBXFileReference; fileEncoding = 4; lastKnownFileType = sourcecode.c.objc; path = MJRefreshHeader.m; sourceTree = "<group>"; };
		79E2DDA81C0DCA2800FB38DD /* MJRefreshLegendFooter.h */ = {isa = PBXFileReference; fileEncoding = 4; lastKnownFileType = sourcecode.c.h; path = MJRefreshLegendFooter.h; sourceTree = "<group>"; };
		79E2DDA91C0DCA2800FB38DD /* MJRefreshLegendFooter.m */ = {isa = PBXFileReference; fileEncoding = 4; lastKnownFileType = sourcecode.c.objc; path = MJRefreshLegendFooter.m; sourceTree = "<group>"; };
		79E2DDAA1C0DCA2800FB38DD /* MJRefreshLegendHeader.h */ = {isa = PBXFileReference; fileEncoding = 4; lastKnownFileType = sourcecode.c.h; path = MJRefreshLegendHeader.h; sourceTree = "<group>"; };
		79E2DDAB1C0DCA2800FB38DD /* MJRefreshLegendHeader.m */ = {isa = PBXFileReference; fileEncoding = 4; lastKnownFileType = sourcecode.c.objc; path = MJRefreshLegendHeader.m; sourceTree = "<group>"; };
		79E2DDAC1C0DCA2800FB38DD /* UIScrollView+MJExtension.h */ = {isa = PBXFileReference; fileEncoding = 4; lastKnownFileType = sourcecode.c.h; path = "UIScrollView+MJExtension.h"; sourceTree = "<group>"; };
		79E2DDAD1C0DCA2800FB38DD /* UIScrollView+MJExtension.m */ = {isa = PBXFileReference; fileEncoding = 4; lastKnownFileType = sourcecode.c.objc; path = "UIScrollView+MJExtension.m"; sourceTree = "<group>"; };
		79E2DDAE1C0DCA2800FB38DD /* UIScrollView+MJRefresh.h */ = {isa = PBXFileReference; fileEncoding = 4; lastKnownFileType = sourcecode.c.h; path = "UIScrollView+MJRefresh.h"; sourceTree = "<group>"; };
		79E2DDAF1C0DCA2800FB38DD /* UIScrollView+MJRefresh.m */ = {isa = PBXFileReference; fileEncoding = 4; lastKnownFileType = sourcecode.c.objc; path = "UIScrollView+MJRefresh.m"; sourceTree = "<group>"; };
		79E2DDB01C0DCA2800FB38DD /* UIView+MJExtension.h */ = {isa = PBXFileReference; fileEncoding = 4; lastKnownFileType = sourcecode.c.h; path = "UIView+MJExtension.h"; sourceTree = "<group>"; };
		79E2DDB11C0DCA2800FB38DD /* UIView+MJExtension.m */ = {isa = PBXFileReference; fileEncoding = 4; lastKnownFileType = sourcecode.c.objc; path = "UIView+MJExtension.m"; sourceTree = "<group>"; };
/* End PBXFileReference section */

/* Begin PBXFrameworksBuildPhase section */
		79E2DCD51C0DA42800FB38DD /* Frameworks */ = {
			isa = PBXFrameworksBuildPhase;
			buildActionMask = 2147483647;
			files = (
				7957D8EE1C12C0FB00DB620C /* libz.tbd in Frameworks */,
				7957D8EC1C12C0F400DB620C /* libstdc++.tbd in Frameworks */,
				7957D8EA1C12C0EC00DB620C /* CoreTelephony.framework in Frameworks */,
				7957D8E81C12C0E000DB620C /* libsqlite3.tbd in Frameworks */,
				7957D8E61C12C0D100DB620C /* CoreGraphics.framework in Frameworks */,
				7957D8D41C12C09700DB620C /* libSocialQQ.a in Frameworks */,
				7957D8D51C12C09700DB620C /* TencentOpenAPI.framework in Frameworks */,
				7957D8D81C12C09700DB620C /* libWeChatSDK.a in Frameworks */,
				7957D88D1C12BD3700DB620C /* SystemConfiguration.framework in Frameworks */,
				7957D88B1C12BCFA00DB620C /* libiconv.tbd in Frameworks */,
				7957D8CA1C12C09700DB620C /* libUMSocial_Sdk_4.4.a in Frameworks */,
				7957D8891C12BCF000DB620C /* Security.framework in Frameworks */,
				7957D8D71C12C09700DB620C /* libSocialWechat.a in Frameworks */,
			);
			runOnlyForDeploymentPostprocessing = 0;
		};
		79E2DCEE1C0DA42800FB38DD /* Frameworks */ = {
			isa = PBXFrameworksBuildPhase;
			buildActionMask = 2147483647;
			files = (
			);
			runOnlyForDeploymentPostprocessing = 0;
		};
		79E2DCF91C0DA42800FB38DD /* Frameworks */ = {
			isa = PBXFrameworksBuildPhase;
			buildActionMask = 2147483647;
			files = (
			);
			runOnlyForDeploymentPostprocessing = 0;
		};
/* End PBXFrameworksBuildPhase section */

/* Begin PBXGroup section */
		790318CD1C11899F005B98BB /* CoreData */ = {
			isa = PBXGroup;
			children = (
				790318DA1C118E81005B98BB /* MyCoreData.xcdatamodeld */,
				790318E01C118FE4005B98BB /* CoreDataModel+CoreDataProperties.h */,
				790318E11C118FE4005B98BB /* CoreDataModel+CoreDataProperties.m */,
				790318E21C118FE4005B98BB /* CoreDataModel.h */,
				790318E31C118FE4005B98BB /* CoreDataModel.m */,
				790318D71C118D10005B98BB /* CoreDataManage.h */,
				790318D81C118D10005B98BB /* CoreDataManage.m */,
			);
			name = CoreData;
			sourceTree = "<group>";
		};
		790C0E651C0F31EE00ED2452 /* Detail */ = {
			isa = PBXGroup;
			children = (
				790C0E681C0F320100ED2452 /* Controller */,
				790C0E671C0F31FD00ED2452 /* View */,
				790C0E661C0F31F900ED2452 /* Model */,
			);
			name = Detail;
			sourceTree = "<group>";
		};
		790C0E661C0F31F900ED2452 /* Model */ = {
			isa = PBXGroup;
			children = (
			);
			name = Model;
			sourceTree = "<group>";
		};
		790C0E671C0F31FD00ED2452 /* View */ = {
			isa = PBXGroup;
			children = (
			);
			name = View;
			sourceTree = "<group>";
		};
		790C0E681C0F320100ED2452 /* Controller */ = {
			isa = PBXGroup;
			children = (
				790C0E6C1C0F343000ED2452 /* DetailController.h */,
				790C0E6D1C0F343000ED2452 /* DetailController.m */,
			);
			name = Controller;
			sourceTree = "<group>";
		};
		7957D8941C12C06300DB620C /* UMShare */ = {
			isa = PBXGroup;
			children = (
				7957D8951C12C09700DB620C /* UMSocial_Sdk_4.4 */,
				7957D8B01C12C09700DB620C /* UMSocial_Sdk_Extra_Frameworks */,
				7957D8BC1C12C09700DB620C /* UMSocial_Sdk_Instructions */,
			);
			name = UMShare;
			sourceTree = "<group>";
		};
		7957D8951C12C09700DB620C /* UMSocial_Sdk_4.4 */ = {
			isa = PBXGroup;
			children = (
				7957D8961C12C09700DB620C /* UMSocialLocalizable.strings */,
				7957D8981C12C09700DB620C /* Header */,
				7957D8A41C12C09700DB620C /* libUMSocial_Sdk_4.4.a */,
				7957D8A51C12C09700DB620C /* SocialSDKXib */,
				7957D8AE1C12C09700DB620C /* UMSocialSDKResourcesNew.bundle */,
			);
			path = UMSocial_Sdk_4.4;
			sourceTree = "<group>";
		};
		7957D8981C12C09700DB620C /* Header */ = {
			isa = PBXGroup;
			children = (
				7957D8991C12C09700DB620C /* UMSocial.h */,
				7957D89A1C12C09700DB620C /* UMSocialAccountManager.h */,
				7957D89B1C12C09700DB620C /* UMSocialBar.h */,
				7957D89C1C12C09700DB620C /* UMSocialConfig.h */,
				7957D89D1C12C09700DB620C /* UMSocialControllerService.h */,
				7957D89E1C12C09700DB620C /* UMSocialControllerServiceComment.h */,
				7957D89F1C12C09700DB620C /* UMSocialData.h */,
				7957D8A01C12C09700DB620C /* UMSocialDataService.h */,
				7957D8A11C12C09700DB620C /* UMSocialSnsData.h */,
				7957D8A21C12C09700DB620C /* UMSocialSnsPlatformManager.h */,
				7957D8A31C12C09700DB620C /* UMSocialSnsService.h */,
			);
			path = Header;
			sourceTree = "<group>";
		};
		7957D8A51C12C09700DB620C /* SocialSDKXib */ = {
			isa = PBXGroup;
			children = (
				7957D8A61C12C09700DB620C /* UMSCommentDetailController.xib */,
				7957D8A71C12C09700DB620C /* UMSCommentInputController.xib */,
				7957D8A81C12C09700DB620C /* UMSCommentInputControlleriPad.xib */,
				7957D8A91C12C09700DB620C /* UMShareEditViewController.xib */,
				7957D8AA1C12C09700DB620C /* UMShareEditViewControlleriPad.xib */,
				7957D8AB1C12C09700DB620C /* UMSLoginViewController.xib */,
				7957D8AC1C12C09700DB620C /* UMSnsAccountViewController.xib */,
				7957D8AD1C12C09700DB620C /* UMSShareListController.xib */,
			);
			path = SocialSDKXib;
			sourceTree = "<group>";
		};
		7957D8B01C12C09700DB620C /* UMSocial_Sdk_Extra_Frameworks */ = {
			isa = PBXGroup;
			children = (
				7957D8B11C12C09700DB620C /* TencentOpenAPI */,
				7957D8B61C12C09700DB620C /* Wechat */,
			);
			path = UMSocial_Sdk_Extra_Frameworks;
			sourceTree = "<group>";
		};
		7957D8B11C12C09700DB620C /* TencentOpenAPI */ = {
			isa = PBXGroup;
			children = (
				7957D8B21C12C09700DB620C /* libSocialQQ.a */,
				7957D8B31C12C09700DB620C /* TencentOpenAPI.framework */,
				7957D8B41C12C09700DB620C /* TencentOpenApi_IOS_Bundle.bundle */,
				7957D8B51C12C09700DB620C /* UMSocialQQHandler.h */,
			);
			path = TencentOpenAPI;
			sourceTree = "<group>";
		};
		7957D8B61C12C09700DB620C /* Wechat */ = {
			isa = PBXGroup;
			children = (
				7957D8B71C12C09700DB620C /* libSocialWechat.a */,
				7957D8B81C12C09700DB620C /* libWeChatSDK.a */,
				7957D8B91C12C09700DB620C /* UMSocialWechatHandler.h */,
				7957D8BA1C12C09700DB620C /* WXApi.h */,
				7957D8BB1C12C09700DB620C /* WXApiObject.h */,
			);
			path = Wechat;
			sourceTree = "<group>";
		};
		7957D8BC1C12C09700DB620C /* UMSocial_Sdk_Instructions */ = {
			isa = PBXGroup;
			children = (
				7957D8BD1C12C09700DB620C /* iOS-social-analytics-releasenote.html */,
				7957D8BE1C12C09700DB620C /* iOS-social-releasenote.html */,
				7957D8BF1C12C09700DB620C /* ios-social-sdk-comment-detail.html */,
				7957D8C01C12C09700DB620C /* ios-social-sdk-comment-quick.html */,
				7957D8C11C12C09700DB620C /* ios-social-sdk-like.html */,
				7957D8C21C12C09700DB620C /* ios-social-sdk-login-detail.html */,
				7957D8C31C12C09700DB620C /* ios-social-sdk-login-quick.html */,
				7957D8C41C12C09700DB620C /* ios-social-sdk-shake.html */,
				7957D8C51C12C09700DB620C /* ios-social-sdk-share-detail.html */,
				7957D8C61C12C09700DB620C /* ios-social-sdk-share-quick.html */,
				7957D8C71C12C09700DB620C /* ios-social-sdk-socialbar.html */,
				7957D8C81C12C09700DB620C /* markdown.css */,
			);
			path = UMSocial_Sdk_Instructions;
			sourceTree = "<group>";
		};
		796D2BA81C1163A8009801CD /* Center */ = {
			isa = PBXGroup;
			children = (
				796D2BA91C1163B0009801CD /* Controller */,
			);
			name = Center;
			sourceTree = "<group>";
		};
		796D2BA91C1163B0009801CD /* Controller */ = {
			isa = PBXGroup;
			children = (
				796D2BAA1C11647E009801CD /* CenterController.h */,
				796D2BAB1C11647E009801CD /* CenterController.m */,
			);
			name = Controller;
			sourceTree = "<group>";
		};
		796D2BB21C117772009801CD /* WebLink */ = {
			isa = PBXGroup;
			children = (
				796D2BAF1C117553009801CD /* LinkController.h */,
				796D2BB01C117553009801CD /* LinkController.m */,
			);
			name = WebLink;
			sourceTree = "<group>";
		};
		796D2BB31C117795009801CD /* View */ = {
			isa = PBXGroup;
			children = (
			);
			name = View;
			sourceTree = "<group>";
		};
		79E2DCCF1C0DA42800FB38DD = {
			isa = PBXGroup;
			children = (
				7957D8ED1C12C0FB00DB620C /* libz.tbd */,
				7957D8EB1C12C0F400DB620C /* libstdc++.tbd */,
				7957D8E91C12C0EC00DB620C /* CoreTelephony.framework */,
				7957D8E71C12C0E000DB620C /* libsqlite3.tbd */,
				7957D8E51C12C0D100DB620C /* CoreGraphics.framework */,
				7957D88C1C12BD3700DB620C /* SystemConfiguration.framework */,
				7957D88A1C12BCFA00DB620C /* libiconv.tbd */,
				7957D8881C12BCF000DB620C /* Security.framework */,
				79E2DCDA1C0DA42800FB38DD /* 果壳精选 */,
				79E2DCF41C0DA42800FB38DD /* 果壳精选Tests */,
				79E2DCFF1C0DA42800FB38DD /* 果壳精选UITests */,
				79E2DCD91C0DA42800FB38DD /* Products */,
			);
			sourceTree = "<group>";
		};
		79E2DCD91C0DA42800FB38DD /* Products */ = {
			isa = PBXGroup;
			children = (
				79E2DCD81C0DA42800FB38DD /* 果壳精选.app */,
				79E2DCF11C0DA42800FB38DD /* 果壳精选Tests.xctest */,
				79E2DCFC1C0DA42800FB38DD /* 果壳精选UITests.xctest */,
			);
			name = Products;
			sourceTree = "<group>";
		};
		79E2DCDA1C0DA42800FB38DD /* 果壳精选 */ = {
			isa = PBXGroup;
			children = (
				79E2DCDE1C0DA42800FB38DD /* AppDelegate.h */,
				79E2DCDF1C0DA42800FB38DD /* AppDelegate.m */,
				79E2DCE11C0DA42800FB38DD /* ViewController.h */,
				79E2DCE21C0DA42800FB38DD /* ViewController.m */,
				7957D8941C12C06300DB620C /* UMShare */,
				790318CD1C11899F005B98BB /* CoreData */,
				79E2DD2B1C0DB52800FB38DD /* Left */,
				796D2BA81C1163A8009801CD /* Center */,
				790C0E651C0F31EE00ED2452 /* Detail */,
				796D2BB21C117772009801CD /* WebLink */,
				79E2DD1C1C0DB48F00FB38DD /* Best */,
				79E2DD201C0DB4BD00FB38DD /* Collect */,
				79E2DD241C0DB4DF00FB38DD /* Setting */,
				79E2DD371C0DBFD700FB38DD /* images */,
				79E2DD0E1C0DB43900FB38DD /* ThirdFiles */,
				79E2DD561C0DC07D00FB38DD /* OtherFiles */,
				79E2DCE41C0DA42800FB38DD /* Main.storyboard */,
				7957D8F51C12C3B500DB620C /* Info.plist */,
				79E2DCE71C0DA42800FB38DD /* Assets.xcassets */,
				79E2DCE91C0DA42800FB38DD /* LaunchScreen.storyboard */,
				79E2DCDB1C0DA42800FB38DD /* Supporting Files */,
			);
			path = "果壳精选";
			sourceTree = "<group>";
		};
		79E2DCDB1C0DA42800FB38DD /* Supporting Files */ = {
			isa = PBXGroup;
			children = (
				79E2DCDC1C0DA42800FB38DD /* main.m */,
			);
			name = "Supporting Files";
			sourceTree = "<group>";
		};
		79E2DCF41C0DA42800FB38DD /* 果壳精选Tests */ = {
			isa = PBXGroup;
			children = (
				79E2DCF51C0DA42800FB38DD /* ____Tests.m */,
				79E2DCF71C0DA42800FB38DD /* Info.plist */,
			);
			path = "果壳精选Tests";
			sourceTree = "<group>";
		};
		79E2DCFF1C0DA42800FB38DD /* 果壳精选UITests */ = {
			isa = PBXGroup;
			children = (
				79E2DD001C0DA42800FB38DD /* ____UITests.m */,
				79E2DD021C0DA42800FB38DD /* Info.plist */,
			);
			path = "果壳精选UITests";
			sourceTree = "<group>";
		};
		79E2DD0E1C0DB43900FB38DD /* ThirdFiles */ = {
			isa = PBXGroup;
			children = (
				79E2DD991C0DCA2800FB38DD /* MJRefresh */,
				79E2DD611C0DCA0000FB38DD /* SDWebImage */,
				79E2DD0F1C0DB45100FB38DD /* MMDrawerController */,
			);
			name = ThirdFiles;
			sourceTree = "<group>";
		};
		79E2DD0F1C0DB45100FB38DD /* MMDrawerController */ = {
			isa = PBXGroup;
			children = (
				79E2DD101C0DB47600FB38DD /* MMDrawerBarButtonItem.h */,
				79E2DD111C0DB47600FB38DD /* MMDrawerBarButtonItem.m */,
				79E2DD121C0DB47600FB38DD /* MMDrawerController.h */,
				79E2DD131C0DB47600FB38DD /* MMDrawerController.m */,
				79E2DD141C0DB47600FB38DD /* MMDrawerVisualState.h */,
				79E2DD151C0DB47600FB38DD /* MMDrawerVisualState.m */,
				79E2DD161C0DB47600FB38DD /* UIViewController+MMDrawerController.h */,
				79E2DD171C0DB47600FB38DD /* UIViewController+MMDrawerController.m */,
			);
			path = MMDrawerController;
			sourceTree = "<group>";
		};
		79E2DD1C1C0DB48F00FB38DD /* Best */ = {
			isa = PBXGroup;
			children = (
				79E2DD1F1C0DB4AF00FB38DD /* Controller */,
				79E2DD1E1C0DB4AB00FB38DD /* View */,
				79E2DD1D1C0DB4A500FB38DD /* Model */,
			);
			name = Best;
			sourceTree = "<group>";
		};
		79E2DD1D1C0DB4A500FB38DD /* Model */ = {
			isa = PBXGroup;
			children = (
				79E2DD5B1C0DC28000FB38DD /* BestModel.h */,
				79E2DD5C1C0DC28000FB38DD /* BestModel.m */,
			);
			name = Model;
			sourceTree = "<group>";
		};
		79E2DD1E1C0DB4AB00FB38DD /* View */ = {
			isa = PBXGroup;
			children = (
				79E2DD581C0DC23C00FB38DD /* BestCell.h */,
				79E2DD591C0DC23C00FB38DD /* BestCell.m */,
			);
			name = View;
			sourceTree = "<group>";
		};
		79E2DD1F1C0DB4AF00FB38DD /* Controller */ = {
			isa = PBXGroup;
			children = (
				79E2DD281C0DB51A00FB38DD /* BestController.h */,
				79E2DD291C0DB51A00FB38DD /* BestController.m */,
			);
			name = Controller;
			sourceTree = "<group>";
		};
		79E2DD201C0DB4BD00FB38DD /* Collect */ = {
			isa = PBXGroup;
			children = (
				79E2DD231C0DB4D400FB38DD /* Controller */,
				79E2DD221C0DB4D000FB38DD /* View */,
				79E2DD211C0DB4C500FB38DD /* Model */,
			);
			name = Collect;
			sourceTree = "<group>";
		};
		79E2DD211C0DB4C500FB38DD /* Model */ = {
			isa = PBXGroup;
			children = (
			);
			name = Model;
			sourceTree = "<group>";
		};
		79E2DD221C0DB4D000FB38DD /* View */ = {
			isa = PBXGroup;
			children = (
				790318E61C11CAA7005B98BB /* CollectCell.h */,
				790318E71C11CAA7005B98BB /* CollectCell.m */,
			);
			name = View;
			sourceTree = "<group>";
		};
		79E2DD231C0DB4D400FB38DD /* Controller */ = {
			isa = PBXGroup;
			children = (
				796D2BA51C113D6C009801CD /* CollectController.h */,
				796D2BA61C113D6C009801CD /* CollectController.m */,
			);
			name = Controller;
			sourceTree = "<group>";
		};
		79E2DD241C0DB4DF00FB38DD /* Setting */ = {
			isa = PBXGroup;
			children = (
				79E2DD271C0DB4ED00FB38DD /* Controller */,
				79E2DD261C0DB4E900FB38DD /* View */,
				79E2DD251C0DB4E500FB38DD /* Model */,
			);
			name = Setting;
			sourceTree = "<group>";
		};
		79E2DD251C0DB4E500FB38DD /* Model */ = {
			isa = PBXGroup;
			children = (
			);
			name = Model;
			sourceTree = "<group>";
		};
		79E2DD261C0DB4E900FB38DD /* View */ = {
			isa = PBXGroup;
			children = (
			);
			name = View;
			sourceTree = "<group>";
		};
		79E2DD271C0DB4ED00FB38DD /* Controller */ = {
			isa = PBXGroup;
			children = (
				79E2DD331C0DB58600FB38DD /* SettingController.h */,
				79E2DD341C0DB58600FB38DD /* SettingController.m */,
			);
			name = Controller;
			sourceTree = "<group>";
		};
		79E2DD2B1C0DB52800FB38DD /* Left */ = {
			isa = PBXGroup;
			children = (
				79E2DD2D1C0DB53800FB38DD /* Controller */,
				796D2BB31C117795009801CD /* View */,
				79E2DD2E1C0DB53D00FB38DD /* Model */,
			);
			name = Left;
			sourceTree = "<group>";
		};
		79E2DD2D1C0DB53800FB38DD /* Controller */ = {
			isa = PBXGroup;
			children = (
				79E2DD301C0DB57000FB38DD /* LeftController.h */,
				79E2DD311C0DB57000FB38DD /* LeftController.m */,
			);
			name = Controller;
			sourceTree = "<group>";
		};
		79E2DD2E1C0DB53D00FB38DD /* Model */ = {
			isa = PBXGroup;
			children = (
			);
			name = Model;
			sourceTree = "<group>";
		};
		79E2DD371C0DBFD700FB38DD /* images */ = {
			isa = PBXGroup;
			children = (
				79E2DD381C0DBFD700FB38DD /* 00.jpg */,
				79E2DD391C0DBFD700FB38DD /* 01.jpg */,
				79E2DD3A1C0DBFD700FB38DD /* 02.jpg */,
				79E2DD3B1C0DBFD700FB38DD /* 03.jpg */,
				79E2DD3C1C0DBFD700FB38DD /* 04.jpg */,
				79E2DD3D1C0DBFD700FB38DD /* 05.jpg */,
				79E2DD3E1C0DBFD700FB38DD /* 06.jpg */,
				79E2DD3F1C0DBFD700FB38DD /* 07.jpg */,
				79E2DD401C0DBFD700FB38DD /* 08.jpg */,
				79E2DD411C0DBFD700FB38DD /* 09.jpg */,
				79E2DD421C0DBFD700FB38DD /* 10.jpg */,
				79E2DD431C0DBFD700FB38DD /* 11.jpg */,
				79E2DD441C0DBFD700FB38DD /* 12.jpg */,
				79E2DD451C0DBFD700FB38DD /* 13.jpg */,
				79E2DD461C0DBFD700FB38DD /* 14.jpg */,
			);
			path = images;
			sourceTree = "<group>";
		};
		79E2DD561C0DC07D00FB38DD /* OtherFiles */ = {
			isa = PBXGroup;
			children = (
				796BCC3B1C0DDCE0003D4993 /* WaterFlowLayout.h */,
				796BCC3C1C0DDCE0003D4993 /* WaterFlowLayout.m */,
				79E2DD5E1C0DC61400FB38DD /* DIYButton.h */,
				79E2DD5F1C0DC61400FB38DD /* DIYButton.m */,
				79E2DD571C0DC09900FB38DD /* Define.h */,
			);
			name = OtherFiles;
			sourceTree = "<group>";
		};
		79E2DD611C0DCA0000FB38DD /* SDWebImage */ = {
			isa = PBXGroup;
			children = (
				79E2DD621C0DCA0000FB38DD /* MKAnnotationView+WebCache.h */,
				79E2DD631C0DCA0000FB38DD /* MKAnnotationView+WebCache.m */,
				79E2DD641C0DCA0000FB38DD /* NSData+GIF.h */,
				79E2DD651C0DCA0000FB38DD /* NSData+GIF.m */,
				79E2DD661C0DCA0000FB38DD /* NSData+ImageContentType.h */,
				79E2DD671C0DCA0000FB38DD /* NSData+ImageContentType.m */,
				79E2DD681C0DCA0000FB38DD /* SDImageCache.h */,
				79E2DD691C0DCA0000FB38DD /* SDImageCache.m */,
				79E2DD6A1C0DCA0000FB38DD /* SDWebImageCompat.h */,
				79E2DD6B1C0DCA0000FB38DD /* SDWebImageCompat.m */,
				79E2DD6C1C0DCA0000FB38DD /* SDWebImageDecoder.h */,
				79E2DD6D1C0DCA0000FB38DD /* SDWebImageDecoder.m */,
				79E2DD6E1C0DCA0000FB38DD /* SDWebImageDownloader.h */,
				79E2DD6F1C0DCA0000FB38DD /* SDWebImageDownloader.m */,
				79E2DD701C0DCA0000FB38DD /* SDWebImageDownloaderOperation.h */,
				79E2DD711C0DCA0000FB38DD /* SDWebImageDownloaderOperation.m */,
				79E2DD721C0DCA0000FB38DD /* SDWebImageManager+MJ.h */,
				79E2DD731C0DCA0000FB38DD /* SDWebImageManager+MJ.m */,
				79E2DD741C0DCA0000FB38DD /* SDWebImageManager.h */,
				79E2DD751C0DCA0000FB38DD /* SDWebImageManager.m */,
				79E2DD761C0DCA0000FB38DD /* SDWebImageOperation.h */,
				79E2DD771C0DCA0000FB38DD /* SDWebImagePrefetcher.h */,
				79E2DD781C0DCA0000FB38DD /* SDWebImagePrefetcher.m */,
				79E2DD791C0DCA0000FB38DD /* UIButton+WebCache.h */,
				79E2DD7A1C0DCA0000FB38DD /* UIButton+WebCache.m */,
				79E2DD7B1C0DCA0000FB38DD /* UIImage+GIF.h */,
				79E2DD7C1C0DCA0000FB38DD /* UIImage+GIF.m */,
				79E2DD7D1C0DCA0000FB38DD /* UIImage+MultiFormat.h */,
				79E2DD7E1C0DCA0000FB38DD /* UIImage+MultiFormat.m */,
				79E2DD7F1C0DCA0000FB38DD /* UIImage+WebP.h */,
				79E2DD801C0DCA0000FB38DD /* UIImage+WebP.m */,
				79E2DD811C0DCA0000FB38DD /* UIImageView+HighlightedWebCache.h */,
				79E2DD821C0DCA0000FB38DD /* UIImageView+HighlightedWebCache.m */,
				79E2DD831C0DCA0000FB38DD /* UIImageView+WebCache.h */,
				79E2DD841C0DCA0000FB38DD /* UIImageView+WebCache.m */,
				79E2DD851C0DCA0000FB38DD /* UIView+WebCacheOperation.h */,
				79E2DD861C0DCA0000FB38DD /* UIView+WebCacheOperation.m */,
			);
			path = SDWebImage;
			sourceTree = "<group>";
		};
		79E2DD991C0DCA2800FB38DD /* MJRefresh */ = {
			isa = PBXGroup;
			children = (
				79E2DD9A1C0DCA2800FB38DD /* MJRefresh.bundle */,
				79E2DD9B1C0DCA2800FB38DD /* MJRefresh.h */,
				79E2DD9C1C0DCA2800FB38DD /* MJRefreshComponent.h */,
				79E2DD9D1C0DCA2800FB38DD /* MJRefreshComponent.m */,
				79E2DD9E1C0DCA2800FB38DD /* MJRefreshConst.h */,
				79E2DD9F1C0DCA2800FB38DD /* MJRefreshConst.m */,
				79E2DDA01C0DCA2800FB38DD /* MJRefreshFooter.h */,
				79E2DDA11C0DCA2800FB38DD /* MJRefreshFooter.m */,
				79E2DDA21C0DCA2800FB38DD /* MJRefreshGifFooter.h */,
				79E2DDA31C0DCA2800FB38DD /* MJRefreshGifFooter.m */,
				79E2DDA41C0DCA2800FB38DD /* MJRefreshGifHeader.h */,
				79E2DDA51C0DCA2800FB38DD /* MJRefreshGifHeader.m */,
				79E2DDA61C0DCA2800FB38DD /* MJRefreshHeader.h */,
				79E2DDA71C0DCA2800FB38DD /* MJRefreshHeader.m */,
				79E2DDA81C0DCA2800FB38DD /* MJRefreshLegendFooter.h */,
				79E2DDA91C0DCA2800FB38DD /* MJRefreshLegendFooter.m */,
				79E2DDAA1C0DCA2800FB38DD /* MJRefreshLegendHeader.h */,
				79E2DDAB1C0DCA2800FB38DD /* MJRefreshLegendHeader.m */,
				79E2DDAC1C0DCA2800FB38DD /* UIScrollView+MJExtension.h */,
				79E2DDAD1C0DCA2800FB38DD /* UIScrollView+MJExtension.m */,
				79E2DDAE1C0DCA2800FB38DD /* UIScrollView+MJRefresh.h */,
				79E2DDAF1C0DCA2800FB38DD /* UIScrollView+MJRefresh.m */,
				79E2DDB01C0DCA2800FB38DD /* UIView+MJExtension.h */,
				79E2DDB11C0DCA2800FB38DD /* UIView+MJExtension.m */,
			);
			path = MJRefresh;
			sourceTree = "<group>";
		};
/* End PBXGroup section */

/* Begin PBXNativeTarget section */
		79E2DCD71C0DA42800FB38DD /* 果壳精选 */ = {
			isa = PBXNativeTarget;
			buildConfigurationList = 79E2DD051C0DA42800FB38DD /* Build configuration list for PBXNativeTarget "果壳精选" */;
			buildPhases = (
				79E2DCD41C0DA42800FB38DD /* Sources */,
				79E2DCD51C0DA42800FB38DD /* Frameworks */,
				79E2DCD61C0DA42800FB38DD /* Resources */,
			);
			buildRules = (
			);
			dependencies = (
			);
			name = "果壳精选";
			productName = "果壳精选";
			productReference = 79E2DCD81C0DA42800FB38DD /* 果壳精选.app */;
			productType = "com.apple.product-type.application";
		};
		79E2DCF01C0DA42800FB38DD /* 果壳精选Tests */ = {
			isa = PBXNativeTarget;
			buildConfigurationList = 79E2DD081C0DA42800FB38DD /* Build configuration list for PBXNativeTarget "果壳精选Tests" */;
			buildPhases = (
				79E2DCED1C0DA42800FB38DD /* Sources */,
				79E2DCEE1C0DA42800FB38DD /* Frameworks */,
				79E2DCEF1C0DA42800FB38DD /* Resources */,
			);
			buildRules = (
			);
			dependencies = (
				79E2DCF31C0DA42800FB38DD /* PBXTargetDependency */,
			);
			name = "果壳精选Tests";
			productName = "果壳精选Tests";
			productReference = 79E2DCF11C0DA42800FB38DD /* 果壳精选Tests.xctest */;
			productType = "com.apple.product-type.bundle.unit-test";
		};
		79E2DCFB1C0DA42800FB38DD /* 果壳精选UITests */ = {
			isa = PBXNativeTarget;
			buildConfigurationList = 79E2DD0B1C0DA42800FB38DD /* Build configuration list for PBXNativeTarget "果壳精选UITests" */;
			buildPhases = (
				79E2DCF81C0DA42800FB38DD /* Sources */,
				79E2DCF91C0DA42800FB38DD /* Frameworks */,
				79E2DCFA1C0DA42800FB38DD /* Resources */,
			);
			buildRules = (
			);
			dependencies = (
				79E2DCFE1C0DA42800FB38DD /* PBXTargetDependency */,
			);
			name = "果壳精选UITests";
			productName = "果壳精选UITests";
			productReference = 79E2DCFC1C0DA42800FB38DD /* 果壳精选UITests.xctest */;
			productType = "com.apple.product-type.bundle.ui-testing";
		};
/* End PBXNativeTarget section */

/* Begin PBXProject section */
		79E2DCD01C0DA42800FB38DD /* Project object */ = {
			isa = PBXProject;
			attributes = {
				LastUpgradeCheck = 0710;
				ORGANIZATIONNAME = RockyFung;
				TargetAttributes = {
					79E2DCD71C0DA42800FB38DD = {
						CreatedOnToolsVersion = 7.1;
						DevelopmentTeam = DKWSP5AL7L;
					};
					79E2DCF01C0DA42800FB38DD = {
						CreatedOnToolsVersion = 7.1;
						DevelopmentTeam = DKWSP5AL7L;
						TestTargetID = 79E2DCD71C0DA42800FB38DD;
					};
					79E2DCFB1C0DA42800FB38DD = {
						CreatedOnToolsVersion = 7.1;
						DevelopmentTeam = DKWSP5AL7L;
						TestTargetID = 79E2DCD71C0DA42800FB38DD;
					};
				};
			};
			buildConfigurationList = 79E2DCD31C0DA42800FB38DD /* Build configuration list for PBXProject "果壳精选" */;
			compatibilityVersion = "Xcode 3.2";
			developmentRegion = English;
			hasScannedForEncodings = 0;
			knownRegions = (
				en,
				Base,
				"zh-Hans",
			);
			mainGroup = 79E2DCCF1C0DA42800FB38DD;
			productRefGroup = 79E2DCD91C0DA42800FB38DD /* Products */;
			projectDirPath = "";
			projectRoot = "";
			targets = (
				79E2DCD71C0DA42800FB38DD /* 果壳精选 */,
				79E2DCF01C0DA42800FB38DD /* 果壳精选Tests */,
				79E2DCFB1C0DA42800FB38DD /* 果壳精选UITests */,
			);
		};
/* End PBXProject section */

/* Begin PBXResourcesBuildPhase section */
		79E2DCD61C0DA42800FB38DD /* Resources */ = {
			isa = PBXResourcesBuildPhase;
			buildActionMask = 2147483647;
			files = (
				7957D8CD1C12C09700DB620C /* UMSCommentInputControlleriPad.xib in Resources */,
				79E2DD551C0DBFD700FB38DD /* 14.jpg in Resources */,
				79E2DD521C0DBFD700FB38DD /* 11.jpg in Resources */,
				7957D8D21C12C09700DB620C /* UMSShareListController.xib in Resources */,
				7957D8C91C12C09700DB620C /* UMSocialLocalizable.strings in Resources */,
				79E2DD501C0DBFD700FB38DD /* 09.jpg in Resources */,
				79E2DD4A1C0DBFD700FB38DD /* 03.jpg in Resources */,
				79E2DDB21C0DCA2800FB38DD /* MJRefresh.bundle in Resources */,
				79E2DD4F1C0DBFD700FB38DD /* 08.jpg in Resources */,
				7957D8CE1C12C09700DB620C /* UMShareEditViewController.xib in Resources */,
				7957D8E31C12C09700DB620C /* ios-social-sdk-socialbar.html in Resources */,
				7957D8DE1C12C09700DB620C /* ios-social-sdk-login-detail.html in Resources */,
				7957D8D91C12C09700DB620C /* iOS-social-analytics-releasenote.html in Resources */,
				79E2DD4B1C0DBFD700FB38DD /* 04.jpg in Resources */,
				7957D8CF1C12C09700DB620C /* UMShareEditViewControlleriPad.xib in Resources */,
				7957D8E11C12C09700DB620C /* ios-social-sdk-share-detail.html in Resources */,
				79E2DD541C0DBFD700FB38DD /* 13.jpg in Resources */,
				7957D8CB1C12C09700DB620C /* UMSCommentDetailController.xib in Resources */,
				79E2DD481C0DBFD700FB38DD /* 01.jpg in Resources */,
				79E2DD491C0DBFD700FB38DD /* 02.jpg in Resources */,
				79E2DD4C1C0DBFD700FB38DD /* 05.jpg in Resources */,
				7957D8D11C12C09700DB620C /* UMSnsAccountViewController.xib in Resources */,
				7957D8D61C12C09700DB620C /* TencentOpenApi_IOS_Bundle.bundle in Resources */,
				79E2DD531C0DBFD700FB38DD /* 12.jpg in Resources */,
				7957D8DA1C12C09700DB620C /* iOS-social-releasenote.html in Resources */,
				79E2DD4E1C0DBFD700FB38DD /* 07.jpg in Resources */,
				7957D8D01C12C09700DB620C /* UMSLoginViewController.xib in Resources */,
				79E2DD511C0DBFD700FB38DD /* 10.jpg in Resources */,
				79E2DD4D1C0DBFD700FB38DD /* 06.jpg in Resources */,
				7957D8DD1C12C09700DB620C /* ios-social-sdk-like.html in Resources */,
				7957D8DC1C12C09700DB620C /* ios-social-sdk-comment-quick.html in Resources */,
				7957D8E21C12C09700DB620C /* ios-social-sdk-share-quick.html in Resources */,
				79E2DCEB1C0DA42800FB38DD /* LaunchScreen.storyboard in Resources */,
				7957D8DF1C12C09700DB620C /* ios-social-sdk-login-quick.html in Resources */,
				7957D8E41C12C09700DB620C /* markdown.css in Resources */,
				7957D8E01C12C09700DB620C /* ios-social-sdk-shake.html in Resources */,
				7957D8DB1C12C09700DB620C /* ios-social-sdk-comment-detail.html in Resources */,
				7957D8D31C12C09700DB620C /* UMSocialSDKResourcesNew.bundle in Resources */,
				7957D8CC1C12C09700DB620C /* UMSCommentInputController.xib in Resources */,
				79E2DD471C0DBFD700FB38DD /* 00.jpg in Resources */,
				79E2DCE81C0DA42800FB38DD /* Assets.xcassets in Resources */,
				79E2DCE61C0DA42800FB38DD /* Main.storyboard in Resources */,
				7957D8F61C12C3B500DB620C /* Info.plist in Resources */,
			);
			runOnlyForDeploymentPostprocessing = 0;
		};
		79E2DCEF1C0DA42800FB38DD /* Resources */ = {
			isa = PBXResourcesBuildPhase;
			buildActionMask = 2147483647;
			files = (
			);
			runOnlyForDeploymentPostprocessing = 0;
		};
		79E2DCFA1C0DA42800FB38DD /* Resources */ = {
			isa = PBXResourcesBuildPhase;
			buildActionMask = 2147483647;
			files = (
			);
			runOnlyForDeploymentPostprocessing = 0;
		};
/* End PBXResourcesBuildPhase section */

/* Begin PBXSourcesBuildPhase section */
		79E2DCD41C0DA42800FB38DD /* Sources */ = {
			isa = PBXSourcesBuildPhase;
			buildActionMask = 2147483647;
			files = (
				790318E41C118FE4005B98BB /* CoreDataModel+CoreDataProperties.m in Sources */,
				79E2DD931C0DCA0000FB38DD /* UIImage+GIF.m in Sources */,
				79E2DDB61C0DCA2800FB38DD /* MJRefreshGifFooter.m in Sources */,
				79E2DD901C0DCA0000FB38DD /* SDWebImageManager.m in Sources */,
				79E2DD971C0DCA0000FB38DD /* UIImageView+WebCache.m in Sources */,
				790C0E6E1C0F343000ED2452 /* DetailController.m in Sources */,
				796D2BA71C113D6C009801CD /* CollectController.m in Sources */,
				79E2DDBB1C0DCA2800FB38DD /* UIScrollView+MJExtension.m in Sources */,
				79E2DD5A1C0DC23C00FB38DD /* BestCell.m in Sources */,
				79E2DD1A1C0DB47600FB38DD /* MMDrawerVisualState.m in Sources */,
				79E2DD321C0DB57000FB38DD /* LeftController.m in Sources */,
				79E2DD351C0DB58600FB38DD /* SettingController.m in Sources */,
				790318DC1C118E81005B98BB /* MyCoreData.xcdatamodeld in Sources */,
				79E2DDB51C0DCA2800FB38DD /* MJRefreshFooter.m in Sources */,
				796D2BAC1C11647E009801CD /* CenterController.m in Sources */,
				79E2DD8D1C0DCA0000FB38DD /* SDWebImageDownloader.m in Sources */,
				79E2DDB41C0DCA2800FB38DD /* MJRefreshConst.m in Sources */,
				79E2DDB31C0DCA2800FB38DD /* MJRefreshComponent.m in Sources */,
				79E2DD941C0DCA0000FB38DD /* UIImage+MultiFormat.m in Sources */,
				79E2DCE31C0DA42800FB38DD /* ViewController.m in Sources */,
				79E2DD8F1C0DCA0000FB38DD /* SDWebImageManager+MJ.m in Sources */,
				79E2DDB81C0DCA2800FB38DD /* MJRefreshHeader.m in Sources */,
				796BCC3D1C0DDCE0003D4993 /* WaterFlowLayout.m in Sources */,
				79E2DD981C0DCA0000FB38DD /* UIView+WebCacheOperation.m in Sources */,
				79E2DD1B1C0DB47600FB38DD /* UIViewController+MMDrawerController.m in Sources */,
				79E2DD951C0DCA0000FB38DD /* UIImage+WebP.m in Sources */,
				79E2DD911C0DCA0000FB38DD /* SDWebImagePrefetcher.m in Sources */,
				79E2DD191C0DB47600FB38DD /* MMDrawerController.m in Sources */,
				79E2DD601C0DC61400FB38DD /* DIYButton.m in Sources */,
				79E2DD181C0DB47600FB38DD /* MMDrawerBarButtonItem.m in Sources */,
				790318E81C11CAA7005B98BB /* CollectCell.m in Sources */,
				796D2BB11C117553009801CD /* LinkController.m in Sources */,
				79E2DD2A1C0DB51A00FB38DD /* BestController.m in Sources */,
				79E2DD891C0DCA0000FB38DD /* NSData+ImageContentType.m in Sources */,
				79E2DDB71C0DCA2800FB38DD /* MJRefreshGifHeader.m in Sources */,
				79E2DD881C0DCA0000FB38DD /* NSData+GIF.m in Sources */,
				79E2DD8C1C0DCA0000FB38DD /* SDWebImageDecoder.m in Sources */,
				79E2DD961C0DCA0000FB38DD /* UIImageView+HighlightedWebCache.m in Sources */,
				79E2DD921C0DCA0000FB38DD /* UIButton+WebCache.m in Sources */,
				79E2DDBD1C0DCA2800FB38DD /* UIView+MJExtension.m in Sources */,
				79E2DDBC1C0DCA2800FB38DD /* UIScrollView+MJRefresh.m in Sources */,
				79E2DD8A1C0DCA0000FB38DD /* SDImageCache.m in Sources */,
				79E2DDBA1C0DCA2800FB38DD /* MJRefreshLegendHeader.m in Sources */,
				790318D91C118D10005B98BB /* CoreDataManage.m in Sources */,
				79E2DD8B1C0DCA0000FB38DD /* SDWebImageCompat.m in Sources */,
				79E2DD5D1C0DC28000FB38DD /* BestModel.m in Sources */,
				79E2DD871C0DCA0000FB38DD /* MKAnnotationView+WebCache.m in Sources */,
				79E2DDB91C0DCA2800FB38DD /* MJRefreshLegendFooter.m in Sources */,
				79E2DD8E1C0DCA0000FB38DD /* SDWebImageDownloaderOperation.m in Sources */,
				79E2DCE01C0DA42800FB38DD /* AppDelegate.m in Sources */,
				79E2DCDD1C0DA42800FB38DD /* main.m in Sources */,
				790318E51C118FE4005B98BB /* CoreDataModel.m in Sources */,
			);
			runOnlyForDeploymentPostprocessing = 0;
		};
		79E2DCED1C0DA42800FB38DD /* Sources */ = {
			isa = PBXSourcesBuildPhase;
			buildActionMask = 2147483647;
			files = (
				79E2DCF61C0DA42800FB38DD /* ____Tests.m in Sources */,
			);
			runOnlyForDeploymentPostprocessing = 0;
		};
		79E2DCF81C0DA42800FB38DD /* Sources */ = {
			isa = PBXSourcesBuildPhase;
			buildActionMask = 2147483647;
			files = (
				79E2DD011C0DA42800FB38DD /* ____UITests.m in Sources */,
			);
			runOnlyForDeploymentPostprocessing = 0;
		};
/* End PBXSourcesBuildPhase section */

/* Begin PBXTargetDependency section */
		79E2DCF31C0DA42800FB38DD /* PBXTargetDependency */ = {
			isa = PBXTargetDependency;
			target = 79E2DCD71C0DA42800FB38DD /* 果壳精选 */;
			targetProxy = 79E2DCF21C0DA42800FB38DD /* PBXContainerItemProxy */;
		};
		79E2DCFE1C0DA42800FB38DD /* PBXTargetDependency */ = {
			isa = PBXTargetDependency;
			target = 79E2DCD71C0DA42800FB38DD /* 果壳精选 */;
			targetProxy = 79E2DCFD1C0DA42800FB38DD /* PBXContainerItemProxy */;
		};
/* End PBXTargetDependency section */

/* Begin PBXVariantGroup section */
		7957D8961C12C09700DB620C /* UMSocialLocalizable.strings */ = {
			isa = PBXVariantGroup;
			children = (
				7957D8971C12C09700DB620C /* en */,
				7957D8AF1C12C09700DB620C /* zh-Hans */,
			);
			name = UMSocialLocalizable.strings;
			sourceTree = "<group>";
		};
		79E2DCE41C0DA42800FB38DD /* Main.storyboard */ = {
			isa = PBXVariantGroup;
			children = (
				79E2DCE51C0DA42800FB38DD /* Base */,
			);
			name = Main.storyboard;
			sourceTree = "<group>";
		};
		79E2DCE91C0DA42800FB38DD /* LaunchScreen.storyboard */ = {
			isa = PBXVariantGroup;
			children = (
				79E2DCEA1C0DA42800FB38DD /* Base */,
			);
			name = LaunchScreen.storyboard;
			sourceTree = "<group>";
		};
/* End PBXVariantGroup section */

/* Begin XCBuildConfiguration section */
		79E2DD031C0DA42800FB38DD /* Debug */ = {
			isa = XCBuildConfiguration;
			buildSettings = {
				ALWAYS_SEARCH_USER_PATHS = NO;
				CLANG_CXX_LANGUAGE_STANDARD = "gnu++0x";
				CLANG_CXX_LIBRARY = "libc++";
				CLANG_ENABLE_MODULES = YES;
				CLANG_ENABLE_OBJC_ARC = YES;
				CLANG_WARN_BOOL_CONVERSION = YES;
				CLANG_WARN_CONSTANT_CONVERSION = YES;
				CLANG_WARN_DIRECT_OBJC_ISA_USAGE = YES_ERROR;
				CLANG_WARN_EMPTY_BODY = YES;
				CLANG_WARN_ENUM_CONVERSION = YES;
				CLANG_WARN_INT_CONVERSION = YES;
				CLANG_WARN_OBJC_ROOT_CLASS = YES_ERROR;
				CLANG_WARN_UNREACHABLE_CODE = YES;
				CLANG_WARN__DUPLICATE_METHOD_MATCH = YES;
				"CODE_SIGN_IDENTITY[sdk=iphoneos*]" = "iPhone Developer";
				COPY_PHASE_STRIP = NO;
				DEBUG_INFORMATION_FORMAT = dwarf;
				ENABLE_STRICT_OBJC_MSGSEND = YES;
				ENABLE_TESTABILITY = YES;
				GCC_C_LANGUAGE_STANDARD = gnu99;
				GCC_DYNAMIC_NO_PIC = NO;
				GCC_NO_COMMON_BLOCKS = YES;
				GCC_OPTIMIZATION_LEVEL = 0;
				GCC_PREPROCESSOR_DEFINITIONS = (
					"DEBUG=1",
					"$(inherited)",
				);
				GCC_WARN_64_TO_32_BIT_CONVERSION = YES;
				GCC_WARN_ABOUT_RETURN_TYPE = YES_ERROR;
				GCC_WARN_UNDECLARED_SELECTOR = YES;
				GCC_WARN_UNINITIALIZED_AUTOS = YES_AGGRESSIVE;
				GCC_WARN_UNUSED_FUNCTION = YES;
				GCC_WARN_UNUSED_VARIABLE = YES;
				IPHONEOS_DEPLOYMENT_TARGET = 9.1;
				MTL_ENABLE_DEBUG_INFO = YES;
				ONLY_ACTIVE_ARCH = YES;
				SDKROOT = iphoneos;
				TARGETED_DEVICE_FAMILY = "1,2";
			};
			name = Debug;
		};
		79E2DD041C0DA42800FB38DD /* Release */ = {
			isa = XCBuildConfiguration;
			buildSettings = {
				ALWAYS_SEARCH_USER_PATHS = NO;
				CLANG_CXX_LANGUAGE_STANDARD = "gnu++0x";
				CLANG_CXX_LIBRARY = "libc++";
				CLANG_ENABLE_MODULES = YES;
				CLANG_ENABLE_OBJC_ARC = YES;
				CLANG_WARN_BOOL_CONVERSION = YES;
				CLANG_WARN_CONSTANT_CONVERSION = YES;
				CLANG_WARN_DIRECT_OBJC_ISA_USAGE = YES_ERROR;
				CLANG_WARN_EMPTY_BODY = YES;
				CLANG_WARN_ENUM_CONVERSION = YES;
				CLANG_WARN_INT_CONVERSION = YES;
				CLANG_WARN_OBJC_ROOT_CLASS = YES_ERROR;
				CLANG_WARN_UNREACHABLE_CODE = YES;
				CLANG_WARN__DUPLICATE_METHOD_MATCH = YES;
				"CODE_SIGN_IDENTITY[sdk=iphoneos*]" = "iPhone Developer";
				COPY_PHASE_STRIP = NO;
				DEBUG_INFORMATION_FORMAT = "dwarf-with-dsym";
				ENABLE_NS_ASSERTIONS = NO;
				ENABLE_STRICT_OBJC_MSGSEND = YES;
				GCC_C_LANGUAGE_STANDARD = gnu99;
				GCC_NO_COMMON_BLOCKS = YES;
				GCC_WARN_64_TO_32_BIT_CONVERSION = YES;
				GCC_WARN_ABOUT_RETURN_TYPE = YES_ERROR;
				GCC_WARN_UNDECLARED_SELECTOR = YES;
				GCC_WARN_UNINITIALIZED_AUTOS = YES_AGGRESSIVE;
				GCC_WARN_UNUSED_FUNCTION = YES;
				GCC_WARN_UNUSED_VARIABLE = YES;
				IPHONEOS_DEPLOYMENT_TARGET = 9.1;
				MTL_ENABLE_DEBUG_INFO = NO;
				SDKROOT = iphoneos;
				TARGETED_DEVICE_FAMILY = "1,2";
				VALIDATE_PRODUCT = YES;
			};
			name = Release;
		};
		79E2DD061C0DA42800FB38DD /* Debug */ = {
			isa = XCBuildConfiguration;
			buildSettings = {
				ASSETCATALOG_COMPILER_APPICON_NAME = AppIcon;
				FRAMEWORK_SEARCH_PATHS = (
					"$(inherited)",
					"$(PROJECT_DIR)/果壳精选/UMSocial_Sdk_Extra_Frameworks/TencentOpenAPI",
				);
				INFOPLIST_FILE = "果壳精选/Info.plist";
				LD_RUNPATH_SEARCH_PATHS = "$(inherited) @executable_path/Frameworks";
				LIBRARY_SEARCH_PATHS = (
					"$(inherited)",
					"$(PROJECT_DIR)/果壳精选/UMSocial_Sdk_4.4",
					"$(PROJECT_DIR)/果壳精选/UMSocial_Sdk_Extra_Frameworks/TencentOpenAPI",
					"$(PROJECT_DIR)/果壳精选/UMSocial_Sdk_Extra_Frameworks/Wechat",
				);
				PRODUCT_BUNDLE_IDENTIFIER = com.RockyFung.fj;
				PRODUCT_NAME = "$(TARGET_NAME)";
			};
			name = Debug;
		};
		79E2DD071C0DA42800FB38DD /* Release */ = {
			isa = XCBuildConfiguration;
			buildSettings = {
				ASSETCATALOG_COMPILER_APPICON_NAME = AppIcon;
				FRAMEWORK_SEARCH_PATHS = (
					"$(inherited)",
					"$(PROJECT_DIR)/果壳精选/UMSocial_Sdk_Extra_Frameworks/TencentOpenAPI",
				);
				INFOPLIST_FILE = "果壳精选/Info.plist";
				LD_RUNPATH_SEARCH_PATHS = "$(inherited) @executable_path/Frameworks";
				LIBRARY_SEARCH_PATHS = (
					"$(inherited)",
					"$(PROJECT_DIR)/果壳精选/UMSocial_Sdk_4.4",
					"$(PROJECT_DIR)/果壳精选/UMSocial_Sdk_Extra_Frameworks/TencentOpenAPI",
					"$(PROJECT_DIR)/果壳精选/UMSocial_Sdk_Extra_Frameworks/Wechat",
				);
				PRODUCT_BUNDLE_IDENTIFIER = com.RockyFung.fj;
				PRODUCT_NAME = "$(TARGET_NAME)";
			};
			name = Release;
		};
		79E2DD091C0DA42800FB38DD /* Debug */ = {
			isa = XCBuildConfiguration;
			buildSettings = {
				BUNDLE_LOADER = "$(TEST_HOST)";
				INFOPLIST_FILE = "果壳精选Tests/Info.plist";
				LD_RUNPATH_SEARCH_PATHS = "$(inherited) @executable_path/Frameworks @loader_path/Frameworks";
				PRODUCT_BUNDLE_IDENTIFIER = "com.RockyFung.----Tests";
				PRODUCT_NAME = "$(TARGET_NAME)";
				TEST_HOST = "$(BUILT_PRODUCTS_DIR)/果壳精选.app/果壳精选";
			};
			name = Debug;
		};
		79E2DD0A1C0DA42800FB38DD /* Release */ = {
			isa = XCBuildConfiguration;
			buildSettings = {
				BUNDLE_LOADER = "$(TEST_HOST)";
				INFOPLIST_FILE = "果壳精选Tests/Info.plist";
				LD_RUNPATH_SEARCH_PATHS = "$(inherited) @executable_path/Frameworks @loader_path/Frameworks";
				PRODUCT_BUNDLE_IDENTIFIER = "com.RockyFung.----Tests";
				PRODUCT_NAME = "$(TARGET_NAME)";
				TEST_HOST = "$(BUILT_PRODUCTS_DIR)/果壳精选.app/果壳精选";
			};
			name = Release;
		};
		79E2DD0C1C0DA42800FB38DD /* Debug */ = {
			isa = XCBuildConfiguration;
			buildSettings = {
				INFOPLIST_FILE = "果壳精选UITests/Info.plist";
				LD_RUNPATH_SEARCH_PATHS = "$(inherited) @executable_path/Frameworks @loader_path/Frameworks";
				PRODUCT_BUNDLE_IDENTIFIER = "com.RockyFung.----UITests";
				PRODUCT_NAME = "$(TARGET_NAME)";
				TEST_TARGET_NAME = "果壳精选";
				USES_XCTRUNNER = YES;
			};
			name = Debug;
		};
		79E2DD0D1C0DA42800FB38DD /* Release */ = {
			isa = XCBuildConfiguration;
			buildSettings = {
				INFOPLIST_FILE = "果壳精选UITests/Info.plist";
				LD_RUNPATH_SEARCH_PATHS = "$(inherited) @executable_path/Frameworks @loader_path/Frameworks";
				PRODUCT_BUNDLE_IDENTIFIER = "com.RockyFung.----UITests";
				PRODUCT_NAME = "$(TARGET_NAME)";
				TEST_TARGET_NAME = "果壳精选";
				USES_XCTRUNNER = YES;
			};
			name = Release;
		};
/* End XCBuildConfiguration section */

/* Begin XCConfigurationList section */
		79E2DCD31C0DA42800FB38DD /* Build configuration list for PBXProject "果壳精选" */ = {
			isa = XCConfigurationList;
			buildConfigurations = (
				79E2DD031C0DA42800FB38DD /* Debug */,
				79E2DD041C0DA42800FB38DD /* Release */,
			);
			defaultConfigurationIsVisible = 0;
			defaultConfigurationName = Release;
		};
		79E2DD051C0DA42800FB38DD /* Build configuration list for PBXNativeTarget "果壳精选" */ = {
			isa = XCConfigurationList;
			buildConfigurations = (
				79E2DD061C0DA42800FB38DD /* Debug */,
				79E2DD071C0DA42800FB38DD /* Release */,
			);
			defaultConfigurationIsVisible = 0;
			defaultConfigurationName = Release;
		};
		79E2DD081C0DA42800FB38DD /* Build configuration list for PBXNativeTarget "果壳精选Tests" */ = {
			isa = XCConfigurationList;
			buildConfigurations = (
				79E2DD091C0DA42800FB38DD /* Debug */,
				79E2DD0A1C0DA42800FB38DD /* Release */,
			);
			defaultConfigurationIsVisible = 0;
			defaultConfigurationName = Release;
		};
		79E2DD0B1C0DA42800FB38DD /* Build configuration list for PBXNativeTarget "果壳精选UITests" */ = {
			isa = XCConfigurationList;
			buildConfigurations = (
				79E2DD0C1C0DA42800FB38DD /* Debug */,
				79E2DD0D1C0DA42800FB38DD /* Release */,
			);
			defaultConfigurationIsVisible = 0;
			defaultConfigurationName = Release;
		};
/* End XCConfigurationList section */

/* Begin XCVersionGroup section */
		790318DA1C118E81005B98BB /* MyCoreData.xcdatamodeld */ = {
			isa = XCVersionGroup;
			children = (
				790318DB1C118E81005B98BB /* MyCoreData.xcdatamodel */,
			);
			currentVersion = 790318DB1C118E81005B98BB /* MyCoreData.xcdatamodel */;
			path = MyCoreData.xcdatamodeld;
			sourceTree = "<group>";
			versionGroupType = wrapper.xcdatamodel;
		};
/* End XCVersionGroup section */
	};
	rootObject = 79E2DCD01C0DA42800FB38DD /* Project object */;
}
